// !$*UTF8*$!
{
	archiveVersion = 1;
	classes = {
	};
	objectVersion = 46;
	objects = {

/* Begin PBXBuildFile section */
		07BA2D61DDF8D17BF2AE38AA /* libPods-KenyonMobile v0.0Tests.a in Frameworks */ = {isa = PBXBuildFile; fileRef = A086FB19ACF4AA86529D9738 /* libPods-KenyonMobile v0.0Tests.a */; };
		1603B59BDC59A2EFF65FB47C /* Pods_Kenyon_Source.framework in Frameworks */ = {isa = PBXBuildFile; fileRef = 43862264A3F78A148BD2EF4C /* Pods_Kenyon_Source.framework */; };
		32015BAF1D39CFB80022513E /* SystemConfiguration.framework in Frameworks */ = {isa = PBXBuildFile; fileRef = 32015BAE1D39CFB80022513E /* SystemConfiguration.framework */; };
		32015BB31D3AD0BE0022513E /* Icons.xcassets in Resources */ = {isa = PBXBuildFile; fileRef = 32015BB21D3AD0BE0022513E /* Icons.xcassets */; };
		322C3BD71D0258EF004CCD11 /* Main.storyboard in Resources */ = {isa = PBXBuildFile; fileRef = 322C3BD61D0258EF004CCD11 /* Main.storyboard */; };
		323498451E453FA3000148DF /* EventKit.framework in Frameworks */ = {isa = PBXBuildFile; fileRef = 323498441E453FA2000148DF /* EventKit.framework */; };
		3290BD5F1EEA72340093E63A /* backButton.png in Resources */ = {isa = PBXBuildFile; fileRef = 3290BD501EEA72340093E63A /* backButton.png */; };
		3290BD601EEA72340093E63A /* circle2.png in Resources */ = {isa = PBXBuildFile; fileRef = 3290BD511EEA72340093E63A /* circle2.png */; };
		3290BD611EEA72340093E63A /* iconbig.png in Resources */ = {isa = PBXBuildFile; fileRef = 3290BD521EEA72340093E63A /* iconbig.png */; };
		3290BD621EEA72340093E63A /* mapcenter2.png in Resources */ = {isa = PBXBuildFile; fileRef = 3290BD531EEA72340093E63A /* mapcenter2.png */; };
		3290BD631EEA72340093E63A /* mapcompass.png in Resources */ = {isa = PBXBuildFile; fileRef = 3290BD541EEA72340093E63A /* mapcompass.png */; };
		3290BD641EEA72340093E63A /* maptrash.png in Resources */ = {isa = PBXBuildFile; fileRef = 3290BD551EEA72340093E63A /* maptrash.png */; };
		3290BD651EEA72340093E63A /* menubar.png in Resources */ = {isa = PBXBuildFile; fileRef = 3290BD561EEA72340093E63A /* menubar.png */; };
		3290BD661EEA72340093E63A /* new.png in Resources */ = {isa = PBXBuildFile; fileRef = 3290BD571EEA72340093E63A /* new.png */; };
		3290BD671EEA72340093E63A /* pin2.png in Resources */ = {isa = PBXBuildFile; fileRef = 3290BD581EEA72340093E63A /* pin2.png */; };
		3290BD681EEA72340093E63A /* pin3.png in Resources */ = {isa = PBXBuildFile; fileRef = 3290BD591EEA72340093E63A /* pin3.png */; };
		3290BD691EEA72340093E63A /* refresh2.png in Resources */ = {isa = PBXBuildFile; fileRef = 3290BD5A1EEA72340093E63A /* refresh2.png */; };
		3290BD6A1EEA72340093E63A /* search1.png in Resources */ = {isa = PBXBuildFile; fileRef = 3290BD5B1EEA72340093E63A /* search1.png */; };
		3290BD6B1EEA72340093E63A /* shield2colors.png in Resources */ = {isa = PBXBuildFile; fileRef = 3290BD5C1EEA72340093E63A /* shield2colors.png */; };
		3290BD6C1EEA72340093E63A /* Untitled-3.png in Resources */ = {isa = PBXBuildFile; fileRef = 3290BD5D1EEA72340093E63A /* Untitled-3.png */; };
		3290BD6D1EEA72340093E63A /* lightK.jpg in Resources */ = {isa = PBXBuildFile; fileRef = 3290BD5E1EEA72340093E63A /* lightK.jpg */; };
		3290BDA21EEA72980093E63A /* A.AlcoholicBeverages.txt in Resources */ = {isa = PBXBuildFile; fileRef = 3290BD6E1EEA72980093E63A /* A.AlcoholicBeverages.txt */; };
		3290BDA31EEA72980093E63A /* AA.StudentEnterprises.txt in Resources */ = {isa = PBXBuildFile; fileRef = 3290BD6F1EEA72980093E63A /* AA.StudentEnterprises.txt */; };
		3290BDA41EEA72980093E63A /* Applicability.txt in Resources */ = {isa = PBXBuildFile; fileRef = 3290BD701EEA72980093E63A /* Applicability.txt */; };
		3290BDA51EEA72980093E63A /* B.Non-SexualAssault.txt in Resources */ = {isa = PBXBuildFile; fileRef = 3290BD711EEA72980093E63A /* B.Non-SexualAssault.txt */; };
		3290BDA61EEA72980093E63A /* BB.Theft.txt in Resources */ = {isa = PBXBuildFile; fileRef = 3290BD721EEA72980093E63A /* BB.Theft.txt */; };
		3290BDA71EEA72980093E63A /* C.Banners,flyers,andposters.txt in Resources */ = {isa = PBXBuildFile; fileRef = 3290BD731EEA72980093E63A /* C.Banners,flyers,andposters.txt */; };
		3290BDA81EEA72980093E63A /* CC.Weapons.txt in Resources */ = {isa = PBXBuildFile; fileRef = 3290BD741EEA72980093E63A /* CC.Weapons.txt */; };
		3290BDA91EEA72980093E63A /* ChangestoStudentRegulations.txt in Resources */ = {isa = PBXBuildFile; fileRef = 3290BD751EEA72980093E63A /* ChangestoStudentRegulations.txt */; };
		3290BDAA1EEA72980093E63A /* D.BicycleRegistrationandRegulations.txt in Resources */ = {isa = PBXBuildFile; fileRef = 3290BD761EEA72980093E63A /* D.BicycleRegistrationandRegulations.txt */; };
		3290BDAB1EEA72980093E63A /* DD.Weapons.txt in Resources */ = {isa = PBXBuildFile; fileRef = 3290BD771EEA72980093E63A /* DD.Weapons.txt */; };
		3290BDAC1EEA72980093E63A /* E.BrownFamilyEnvironmentalCenter.txt in Resources */ = {isa = PBXBuildFile; fileRef = 3290BD781EEA72980093E63A /* E.BrownFamilyEnvironmentalCenter.txt */; };
		3290BDAD1EEA72980093E63A /* F.Computers,EmailandSocialMedia.txt in Resources */ = {isa = PBXBuildFile; fileRef = 3290BD791EEA72980093E63A /* F.Computers,EmailandSocialMedia.txt */; };
		3290BDAE1EEA72980093E63A /* FinancialArrangements.txt in Resources */ = {isa = PBXBuildFile; fileRef = 3290BD7A1EEA72980093E63A /* FinancialArrangements.txt */; };
		3290BDAF1EEA72980093E63A /* G.Conduct.txt in Resources */ = {isa = PBXBuildFile; fileRef = 3290BD7B1EEA72980093E63A /* G.Conduct.txt */; };
		3290BDB01EEA72980093E63A /* H.Damage.txt in Resources */ = {isa = PBXBuildFile; fileRef = 3290BD7C1EEA72980093E63A /* H.Damage.txt */; };
		3290BDB11EEA72980093E63A /* I.DemonstrationsandProtests.txt in Resources */ = {isa = PBXBuildFile; fileRef = 3290BD7D1EEA72980093E63A /* I.DemonstrationsandProtests.txt */; };
		3290BDB21EEA72980093E63A /* InformalHearing.txt in Resources */ = {isa = PBXBuildFile; fileRef = 3290BD7E1EEA72980093E63A /* InformalHearing.txt */; };
		3290BDB31EEA72980093E63A /* Introduction.txt in Resources */ = {isa = PBXBuildFile; fileRef = 3290BD7F1EEA72980093E63A /* Introduction.txt */; };
		3290BDB41EEA72980093E63A /* J.DiscriminatoryHarassment.txt in Resources */ = {isa = PBXBuildFile; fileRef = 3290BD801EEA72980093E63A /* J.DiscriminatoryHarassment.txt */; };
		3290BDB51EEA72980093E63A /* K.Drugs.txt in Resources */ = {isa = PBXBuildFile; fileRef = 3290BD811EEA72980093E63A /* K.Drugs.txt */; };
		3290BDB61EEA72980093E63A /* L.EndangeringBehavior.txt in Resources */ = {isa = PBXBuildFile; fileRef = 3290BD821EEA72980093E63A /* L.EndangeringBehavior.txt */; };
		3290BDB71EEA72980093E63A /* M.FailuretoComply.txt in Resources */ = {isa = PBXBuildFile; fileRef = 3290BD831EEA72980093E63A /* M.FailuretoComply.txt */; };
		3290BDB81EEA72980093E63A /* MandatoryWithdrawal.txt in Resources */ = {isa = PBXBuildFile; fileRef = 3290BD841EEA72980093E63A /* MandatoryWithdrawal.txt */; };
		3290BDB91EEA72980093E63A /* MedicalLeaves.txt in Resources */ = {isa = PBXBuildFile; fileRef = 3290BD851EEA72980093E63A /* MedicalLeaves.txt */; };
		3290BDBA1EEA72980093E63A /* N.FireSafety.txt in Resources */ = {isa = PBXBuildFile; fileRef = 3290BD861EEA72980093E63A /* N.FireSafety.txt */; };
		3290BDBB1EEA72980093E63A /* Non-DiscriminationStatement.txt in Resources */ = {isa = PBXBuildFile; fileRef = 3290BD871EEA72980093E63A /* Non-DiscriminationStatement.txt */; };
		3290BDBC1EEA72980093E63A /* O.Hazing.txt in Resources */ = {isa = PBXBuildFile; fileRef = 3290BD881EEA72980093E63A /* O.Hazing.txt */; };
		3290BDBD1EEA72980093E63A /* P.Honesty.txt in Resources */ = {isa = PBXBuildFile; fileRef = 3290BD891EEA72980093E63A /* P.Honesty.txt */; };
		3290BDBE1EEA72980093E63A /* PersonalLeaves.txt in Resources */ = {isa = PBXBuildFile; fileRef = 3290BD8A1EEA72980093E63A /* PersonalLeaves.txt */; };
		3290BDBF1EEA72980093E63A /* ProcessforMandatoryWithdrawal.txt in Resources */ = {isa = PBXBuildFile; fileRef = 3290BD8B1EEA72980093E63A /* ProcessforMandatoryWithdrawal.txt */; };
		3290BDC01EEA72980093E63A /* Q.HousingandResidentialLife.txt in Resources */ = {isa = PBXBuildFile; fileRef = 3290BD8C1EEA72980093E63A /* Q.HousingandResidentialLife.txt */; };
		3290BDC11EEA72980093E63A /* R.CollegeIssuedIdentificationCards.txt in Resources */ = {isa = PBXBuildFile; fileRef = 3290BD8D1EEA72980093E63A /* R.CollegeIssuedIdentificationCards.txt */; };
		3290BDC21EEA72980093E63A /* ReturnfromaMandatoryWithdrawal.txt in Resources */ = {isa = PBXBuildFile; fileRef = 3290BD8E1EEA72980093E63A /* ReturnfromaMandatoryWithdrawal.txt */; };
		3290BDC31EEA72980093E63A /* S.MotorVehicles.txt in Resources */ = {isa = PBXBuildFile; fileRef = 3290BD8F1EEA72980093E63A /* S.MotorVehicles.txt */; };
		3290BDC41EEA72980093E63A /* Section1.TermsUsedintheStudentConductReviewSystem.txt in Resources */ = {isa = PBXBuildFile; fileRef = 3290BD901EEA72980093E63A /* Section1.TermsUsedintheStudentConductReviewSystem.txt */; };
		3290BDC51EEA72980093E63A /* Section2.MembershipoftheStudentConductReviewBoard.txt in Resources */ = {isa = PBXBuildFile; fileRef = 3290BD911EEA72980093E63A /* Section2.MembershipoftheStudentConductReviewBoard.txt */; };
		3290BDC61EEA72980093E63A /* Section3.InitialProceduresfortheResolutionofConductMatters.txt in Resources */ = {isa = PBXBuildFile; fileRef = 3290BD921EEA72980093E63A /* Section3.InitialProceduresfortheResolutionofConductMatters.txt */; };
		3290BDC71EEA72980093E63A /* Section4.PowersandDutiesoftheStudentConductReviewBoard.txt in Resources */ = {isa = PBXBuildFile; fileRef = 3290BD931EEA72980093E63A /* Section4.PowersandDutiesoftheStudentConductReviewBoard.txt */; };
		3290BDC81EEA72980093E63A /* Section5.RightsoftheComplainantandRightsoftheRespondentintheConductProcess.txt in Resources */ = {isa = PBXBuildFile; fileRef = 3290BD941EEA72980093E63A /* Section5.RightsoftheComplainantandRightsoftheRespondentintheConductProcess.txt */; };
		3290BDC91EEA72980093E63A /* Section6.StudentConductReviewBoardProcedures.txt in Resources */ = {isa = PBXBuildFile; fileRef = 3290BD951EEA72980093E63A /* Section6.StudentConductReviewBoardProcedures.txt */; };
		3290BDCA1EEA72980093E63A /* StudentRightsandResponsibilities.txt in Resources */ = {isa = PBXBuildFile; fileRef = 3290BD961EEA72980093E63A /* StudentRightsandResponsibilities.txt */; };
		3290BDCB1EEA72980093E63A /* T.OrganizationsNotAffiliatedwiththeCollege.txt in Resources */ = {isa = PBXBuildFile; fileRef = 3290BD971EEA72980093E63A /* T.OrganizationsNotAffiliatedwiththeCollege.txt */; };
		3290BDCC1EEA72980093E63A /* TheGoodSamaritanPolicy.txt in Resources */ = {isa = PBXBuildFile; fileRef = 3290BD981EEA72980093E63A /* TheGoodSamaritanPolicy.txt */; };
		3290BDCD1EEA72980093E63A /* TheStudentConductProcess.txt in Resources */ = {isa = PBXBuildFile; fileRef = 3290BD991EEA72980093E63A /* TheStudentConductProcess.txt */; };
		3290BDCE1EEA72980093E63A /* U.UnauthorizedAccess.txt in Resources */ = {isa = PBXBuildFile; fileRef = 3290BD9A1EEA72980093E63A /* U.UnauthorizedAccess.txt */; };
		3290BDCF1EEA72980093E63A /* V.SeniorWeek.txt in Resources */ = {isa = PBXBuildFile; fileRef = 3290BD9B1EEA72980093E63A /* V.SeniorWeek.txt */; };
		3290BDD01EEA72980093E63A /* W.SexualandGender-BasedDiscrimination.txt in Resources */ = {isa = PBXBuildFile; fileRef = 3290BD9C1EEA72980093E63A /* W.SexualandGender-BasedDiscrimination.txt */; };
		3290BDD11EEA72980093E63A /* WithdrawalfromtheCollege.txt in Resources */ = {isa = PBXBuildFile; fileRef = 3290BD9D1EEA72980093E63A /* WithdrawalfromtheCollege.txt */; };
		3290BDD21EEA72980093E63A /* WithdrawingfromtheCollege.txt in Resources */ = {isa = PBXBuildFile; fileRef = 3290BD9E1EEA72980093E63A /* WithdrawingfromtheCollege.txt */; };
		3290BDD31EEA72980093E63A /* X.Smoking.txt in Resources */ = {isa = PBXBuildFile; fileRef = 3290BD9F1EEA72980093E63A /* X.Smoking.txt */; };
		3290BDD41EEA72980093E63A /* Y.SocialEvents.txt in Resources */ = {isa = PBXBuildFile; fileRef = 3290BDA01EEA72980093E63A /* Y.SocialEvents.txt */; };
		3290BDD51EEA72980093E63A /* Z.StudentEngagement.txt in Resources */ = {isa = PBXBuildFile; fileRef = 3290BDA11EEA72980093E63A /* Z.StudentEngagement.txt */; };
		3290BDF81EEA73B20093E63A /* eventDescriptionViewController.m in Sources */ = {isa = PBXBuildFile; fileRef = 3290BDEF1EEA73B20093E63A /* eventDescriptionViewController.m */; };
		3290BDF91EEA73B20093E63A /* eventSettingsViewController.m in Sources */ = {isa = PBXBuildFile; fileRef = 3290BDF11EEA73B20093E63A /* eventSettingsViewController.m */; };
		3290BDFA1EEA73B20093E63A /* eventsViewController.m in Sources */ = {isa = PBXBuildFile; fileRef = 3290BDF31EEA73B20093E63A /* eventsViewController.m */; };
		3290BDFB1EEA73B20093E63A /* eventTableViewCell.m in Sources */ = {isa = PBXBuildFile; fileRef = 3290BDF51EEA73B20093E63A /* eventTableViewCell.m */; };
		3290BDFC1EEA73B20093E63A /* LTNavigationController.m in Sources */ = {isa = PBXBuildFile; fileRef = 3290BDF71EEA73B20093E63A /* LTNavigationController.m */; };
		3290BE031EEA740D0093E63A /* athleticsViewController.m in Sources */ = {isa = PBXBuildFile; fileRef = 3290BDFE1EEA740D0093E63A /* athleticsViewController.m */; };
		3290BE041EEA740D0093E63A /* gameTableViewCell.m in Sources */ = {isa = PBXBuildFile; fileRef = 3290BE001EEA740D0093E63A /* gameTableViewCell.m */; };
		3290BE051EEA740D0093E63A /* sportSelectionViewController.m in Sources */ = {isa = PBXBuildFile; fileRef = 3290BE021EEA740D0093E63A /* sportSelectionViewController.m */; };
		3290BE101EEA74760093E63A /* Handbook.m in Sources */ = {isa = PBXBuildFile; fileRef = 3290BE071EEA74760093E63A /* Handbook.m */; };
		3290BE111EEA74760093E63A /* handBookViewController.m in Sources */ = {isa = PBXBuildFile; fileRef = 3290BE091EEA74760093E63A /* handBookViewController.m */; };
		3290BE121EEA74760093E63A /* navInfoViewController.m in Sources */ = {isa = PBXBuildFile; fileRef = 3290BE0B1EEA74760093E63A /* navInfoViewController.m */; };
		3290BE131EEA74760093E63A /* searchViewController.m in Sources */ = {isa = PBXBuildFile; fileRef = 3290BE0D1EEA74760093E63A /* searchViewController.m */; };
		3290BE141EEA74760093E63A /* sectionViewController.m in Sources */ = {isa = PBXBuildFile; fileRef = 3290BE0F1EEA74760093E63A /* sectionViewController.m */; };
		3290BE1B1EEA74F00093E63A /* buildingAnnotation.m in Sources */ = {isa = PBXBuildFile; fileRef = 3290BE161EEA74F00093E63A /* buildingAnnotation.m */; };
		3290BE1C1EEA74F00093E63A /* buildingSelectionViewController.m in Sources */ = {isa = PBXBuildFile; fileRef = 3290BE181EEA74F00093E63A /* buildingSelectionViewController.m */; };
		3290BE1D1EEA74F00093E63A /* MapViewController.m in Sources */ = {isa = PBXBuildFile; fileRef = 3290BE1A1EEA74F00093E63A /* MapViewController.m */; };
		3290BE2B1EEA757D0093E63A /* AppDelegate.m in Sources */ = {isa = PBXBuildFile; fileRef = 3290BE1F1EEA757D0093E63A /* AppDelegate.m */; };
		3290BE2C1EEA757D0093E63A /* commonUseFunctions.m in Sources */ = {isa = PBXBuildFile; fileRef = 3290BE211EEA757D0093E63A /* commonUseFunctions.m */; };
		3290BE2D1EEA757D0093E63A /* FoundationsExtensions.m in Sources */ = {isa = PBXBuildFile; fileRef = 3290BE231EEA757D0093E63A /* FoundationsExtensions.m */; };
		3290BE2E1EEA757D0093E63A /* localSettings.m in Sources */ = {isa = PBXBuildFile; fileRef = 3290BE251EEA757D0093E63A /* localSettings.m */; };
		3290BE2F1EEA757D0093E63A /* recordIDManager.m in Sources */ = {isa = PBXBuildFile; fileRef = 3290BE271EEA757D0093E63A /* recordIDManager.m */; };
		3290BE301EEA757D0093E63A /* userRecordID.txt in Resources */ = {isa = PBXBuildFile; fileRef = 3290BE281EEA757D0093E63A /* userRecordID.txt */; };
		3290BE311EEA757D0093E63A /* ViewController.m in Sources */ = {isa = PBXBuildFile; fileRef = 3290BE2A1EEA757D0093E63A /* ViewController.m */; };
		329EF2111D15CF450073CC3A /* MapKit.framework in Frameworks */ = {isa = PBXBuildFile; fileRef = 329EF2101D15CF450073CC3A /* MapKit.framework */; };
		329EF2131D15E4010073CC3A /* CoreLocation.framework in Frameworks */ = {isa = PBXBuildFile; fileRef = 329EF2121D15E4010073CC3A /* CoreLocation.framework */; };
		32CB41E71EEA78FE00209BE9 /* commentsViewController.m in Sources */ = {isa = PBXBuildFile; fileRef = 32CB41D81EEA78FE00209BE9 /* commentsViewController.m */; };
		32CB41E81EEA78FE00209BE9 /* composeViewController.m in Sources */ = {isa = PBXBuildFile; fileRef = 32CB41DA1EEA78FE00209BE9 /* composeViewController.m */; };
		32CB41E91EEA78FE00209BE9 /* postManager.m in Sources */ = {isa = PBXBuildFile; fileRef = 32CB41DC1EEA78FE00209BE9 /* postManager.m */; };
		32CB41EA1EEA78FE00209BE9 /* segmentedLabel.m in Sources */ = {isa = PBXBuildFile; fileRef = 32CB41DE1EEA78FE00209BE9 /* segmentedLabel.m */; };
		32CB41EB1EEA78FE00209BE9 /* wallPost.m in Sources */ = {isa = PBXBuildFile; fileRef = 32CB41E01EEA78FE00209BE9 /* wallPost.m */; };
		32CB41EC1EEA78FE00209BE9 /* wallPostComment.m in Sources */ = {isa = PBXBuildFile; fileRef = 32CB41E21EEA78FE00209BE9 /* wallPostComment.m */; };
		32CB41ED1EEA78FE00209BE9 /* wallPostTableViewCell.m in Sources */ = {isa = PBXBuildFile; fileRef = 32CB41E41EEA78FE00209BE9 /* wallPostTableViewCell.m */; };
		32CB41EE1EEA78FE00209BE9 /* wallViewController.m in Sources */ = {isa = PBXBuildFile; fileRef = 32CB41E61EEA78FE00209BE9 /* wallViewController.m */; };
		32D437CA1E40089B00227E93 /* Settings.bundle in Resources */ = {isa = PBXBuildFile; fileRef = 32D437C91E40089B00227E93 /* Settings.bundle */; };
		32E4B5091D2B6C88003B5E88 /* CloudKit.framework in Frameworks */ = {isa = PBXBuildFile; fileRef = 32E4B5081D2B6C88003B5E88 /* CloudKit.framework */; };
		32EFAE361CF9597700845CEA /* main.m in Sources */ = {isa = PBXBuildFile; fileRef = 32EFAE351CF9597700845CEA /* main.m */; };
		32EFAE411CF9597700845CEA /* Assets.xcassets in Resources */ = {isa = PBXBuildFile; fileRef = 32EFAE401CF9597700845CEA /* Assets.xcassets */; };
		32EFAE441CF9597700845CEA /* LaunchScreen.storyboard in Resources */ = {isa = PBXBuildFile; fileRef = 32EFAE421CF9597700845CEA /* LaunchScreen.storyboard */; };
		32EFAE4F1CF9597800845CEA /* KenyonMobile_v0_0Tests.m in Sources */ = {isa = PBXBuildFile; fileRef = 32EFAE4E1CF9597800845CEA /* KenyonMobile_v0_0Tests.m */; };
		32EFAE5A1CF9597800845CEA /* KenyonMobile_v0_0UITests.m in Sources */ = {isa = PBXBuildFile; fileRef = 32EFAE591CF9597800845CEA /* KenyonMobile_v0_0UITests.m */; };
		3304FA84F71B3D85F41E14E2 /* libPods-KenyonMobile v0.0UITests.a in Frameworks */ = {isa = PBXBuildFile; fileRef = 99F6A60EC56238F4289CBB93 /* libPods-KenyonMobile v0.0UITests.a */; };
		D1F4159E5CDD3633D49C34A0 /* Pods_Kenyon_SourceUITests.framework in Frameworks */ = {isa = PBXBuildFile; fileRef = 2BC9B44E60E48DD960BF3689 /* Pods_Kenyon_SourceUITests.framework */; };
		D788F89FD23F6E83F659C6A0 /* Pods_Kenyon_SourceTests.framework in Frameworks */ = {isa = PBXBuildFile; fileRef = 97F5ECD85241BCEC54A809DB /* Pods_Kenyon_SourceTests.framework */; };
/* End PBXBuildFile section */

/* Begin PBXContainerItemProxy section */
		32EFAE4B1CF9597800845CEA /* PBXContainerItemProxy */ = {
			isa = PBXContainerItemProxy;
			containerPortal = 32EFAE291CF9597700845CEA /* Project object */;
			proxyType = 1;
			remoteGlobalIDString = 32EFAE301CF9597700845CEA;
			remoteInfo = "KenyonMobile v0.0";
		};
		32EFAE561CF9597800845CEA /* PBXContainerItemProxy */ = {
			isa = PBXContainerItemProxy;
			containerPortal = 32EFAE291CF9597700845CEA /* Project object */;
			proxyType = 1;
			remoteGlobalIDString = 32EFAE301CF9597700845CEA;
			remoteInfo = "KenyonMobile v0.0";
		};
/* End PBXContainerItemProxy section */

/* Begin PBXCopyFilesBuildPhase section */
		320D8E491D282E22007B1F29 /* Embed Frameworks */ = {
			isa = PBXCopyFilesBuildPhase;
			buildActionMask = 2147483647;
			dstPath = "";
			dstSubfolderSpec = 10;
			files = (
			);
			name = "Embed Frameworks";
			runOnlyForDeploymentPostprocessing = 0;
		};
/* End PBXCopyFilesBuildPhase section */

/* Begin PBXFileReference section */
		05D575248E81D6EACF4EF023 /* Pods-Kenyon-Source.debug.xcconfig */ = {isa = PBXFileReference; includeInIndex = 1; lastKnownFileType = text.xcconfig; name = "Pods-Kenyon-Source.debug.xcconfig"; path = "Pods/Target Support Files/Pods-Kenyon-Source/Pods-Kenyon-Source.debug.xcconfig"; sourceTree = "<group>"; };
		1D8EB7605CDD2A48335656F3 /* Pods-Kenyon-Source.release.xcconfig */ = {isa = PBXFileReference; includeInIndex = 1; lastKnownFileType = text.xcconfig; name = "Pods-Kenyon-Source.release.xcconfig"; path = "Pods/Target Support Files/Pods-Kenyon-Source/Pods-Kenyon-Source.release.xcconfig"; sourceTree = "<group>"; };
		2BC9B44E60E48DD960BF3689 /* Pods_Kenyon_SourceUITests.framework */ = {isa = PBXFileReference; explicitFileType = wrapper.framework; includeInIndex = 0; path = Pods_Kenyon_SourceUITests.framework; sourceTree = BUILT_PRODUCTS_DIR; };
		32015BAE1D39CFB80022513E /* SystemConfiguration.framework */ = {isa = PBXFileReference; lastKnownFileType = wrapper.framework; name = SystemConfiguration.framework; path = System/Library/Frameworks/SystemConfiguration.framework; sourceTree = SDKROOT; };
		32015BB21D3AD0BE0022513E /* Icons.xcassets */ = {isa = PBXFileReference; lastKnownFileType = folder.assetcatalog; path = Icons.xcassets; sourceTree = "<group>"; };
		320501061D24A37400949795 /* KenyonMobile v0.0-Bridging-Header.h */ = {isa = PBXFileReference; lastKnownFileType = sourcecode.c.h; path = "KenyonMobile v0.0-Bridging-Header.h"; sourceTree = "<group>"; };
		322C3BD61D0258EF004CCD11 /* Main.storyboard */ = {isa = PBXFileReference; fileEncoding = 4; lastKnownFileType = file.storyboard; path = Main.storyboard; sourceTree = "<group>"; };
		323498441E453FA2000148DF /* EventKit.framework */ = {isa = PBXFileReference; lastKnownFileType = wrapper.framework; name = EventKit.framework; path = System/Library/Frameworks/EventKit.framework; sourceTree = SDKROOT; };
		3290BD501EEA72340093E63A /* backButton.png */ = {isa = PBXFileReference; lastKnownFileType = image.png; name = backButton.png; path = Images/backButton.png; sourceTree = "<group>"; };
		3290BD511EEA72340093E63A /* circle2.png */ = {isa = PBXFileReference; lastKnownFileType = image.png; name = circle2.png; path = Images/circle2.png; sourceTree = "<group>"; };
		3290BD521EEA72340093E63A /* iconbig.png */ = {isa = PBXFileReference; lastKnownFileType = image.png; name = iconbig.png; path = Images/iconbig.png; sourceTree = "<group>"; };
		3290BD531EEA72340093E63A /* mapcenter2.png */ = {isa = PBXFileReference; lastKnownFileType = image.png; name = mapcenter2.png; path = Images/mapcenter2.png; sourceTree = "<group>"; };
		3290BD541EEA72340093E63A /* mapcompass.png */ = {isa = PBXFileReference; lastKnownFileType = image.png; name = mapcompass.png; path = Images/mapcompass.png; sourceTree = "<group>"; };
		3290BD551EEA72340093E63A /* maptrash.png */ = {isa = PBXFileReference; lastKnownFileType = image.png; name = maptrash.png; path = Images/maptrash.png; sourceTree = "<group>"; };
		3290BD561EEA72340093E63A /* menubar.png */ = {isa = PBXFileReference; lastKnownFileType = image.png; name = menubar.png; path = Images/menubar.png; sourceTree = "<group>"; };
		3290BD571EEA72340093E63A /* new.png */ = {isa = PBXFileReference; lastKnownFileType = image.png; name = new.png; path = Images/new.png; sourceTree = "<group>"; };
		3290BD581EEA72340093E63A /* pin2.png */ = {isa = PBXFileReference; lastKnownFileType = image.png; name = pin2.png; path = Images/pin2.png; sourceTree = "<group>"; };
		3290BD591EEA72340093E63A /* pin3.png */ = {isa = PBXFileReference; lastKnownFileType = image.png; name = pin3.png; path = Images/pin3.png; sourceTree = "<group>"; };
		3290BD5A1EEA72340093E63A /* refresh2.png */ = {isa = PBXFileReference; lastKnownFileType = image.png; name = refresh2.png; path = Images/refresh2.png; sourceTree = "<group>"; };
		3290BD5B1EEA72340093E63A /* search1.png */ = {isa = PBXFileReference; lastKnownFileType = image.png; name = search1.png; path = Images/search1.png; sourceTree = "<group>"; };
		3290BD5C1EEA72340093E63A /* shield2colors.png */ = {isa = PBXFileReference; lastKnownFileType = image.png; name = shield2colors.png; path = Images/shield2colors.png; sourceTree = "<group>"; };
		3290BD5D1EEA72340093E63A /* Untitled-3.png */ = {isa = PBXFileReference; lastKnownFileType = image.png; name = "Untitled-3.png"; path = "Images/Untitled-3.png"; sourceTree = "<group>"; };
		3290BD5E1EEA72340093E63A /* lightK.jpg */ = {isa = PBXFileReference; lastKnownFileType = image.jpeg; name = lightK.jpg; path = Images/lightK.jpg; sourceTree = "<group>"; };
		3290BD6E1EEA72980093E63A /* A.AlcoholicBeverages.txt */ = {isa = PBXFileReference; fileEncoding = 4; lastKnownFileType = text; name = A.AlcoholicBeverages.txt; path = "Handbook Text Files/A.AlcoholicBeverages.txt"; sourceTree = "<group>"; };
		3290BD6F1EEA72980093E63A /* AA.StudentEnterprises.txt */ = {isa = PBXFileReference; fileEncoding = 4; lastKnownFileType = text; name = AA.StudentEnterprises.txt; path = "Handbook Text Files/AA.StudentEnterprises.txt"; sourceTree = "<group>"; };
		3290BD701EEA72980093E63A /* Applicability.txt */ = {isa = PBXFileReference; fileEncoding = 4; lastKnownFileType = text; name = Applicability.txt; path = "Handbook Text Files/Applicability.txt"; sourceTree = "<group>"; };
		3290BD711EEA72980093E63A /* B.Non-SexualAssault.txt */ = {isa = PBXFileReference; fileEncoding = 4; lastKnownFileType = text; name = "B.Non-SexualAssault.txt"; path = "Handbook Text Files/B.Non-SexualAssault.txt"; sourceTree = "<group>"; };
		3290BD721EEA72980093E63A /* BB.Theft.txt */ = {isa = PBXFileReference; fileEncoding = 4; lastKnownFileType = text; name = BB.Theft.txt; path = "Handbook Text Files/BB.Theft.txt"; sourceTree = "<group>"; };
		3290BD731EEA72980093E63A /* C.Banners,flyers,andposters.txt */ = {isa = PBXFileReference; fileEncoding = 4; lastKnownFileType = text; name = "C.Banners,flyers,andposters.txt"; path = "Handbook Text Files/C.Banners,flyers,andposters.txt"; sourceTree = "<group>"; };
		3290BD741EEA72980093E63A /* CC.Weapons.txt */ = {isa = PBXFileReference; fileEncoding = 4; lastKnownFileType = text; name = CC.Weapons.txt; path = "Handbook Text Files/CC.Weapons.txt"; sourceTree = "<group>"; };
		3290BD751EEA72980093E63A /* ChangestoStudentRegulations.txt */ = {isa = PBXFileReference; fileEncoding = 4; lastKnownFileType = text; name = ChangestoStudentRegulations.txt; path = "Handbook Text Files/ChangestoStudentRegulations.txt"; sourceTree = "<group>"; };
		3290BD761EEA72980093E63A /* D.BicycleRegistrationandRegulations.txt */ = {isa = PBXFileReference; fileEncoding = 4; lastKnownFileType = text; name = D.BicycleRegistrationandRegulations.txt; path = "Handbook Text Files/D.BicycleRegistrationandRegulations.txt"; sourceTree = "<group>"; };
		3290BD771EEA72980093E63A /* DD.Weapons.txt */ = {isa = PBXFileReference; fileEncoding = 4; lastKnownFileType = text; name = DD.Weapons.txt; path = "Handbook Text Files/DD.Weapons.txt"; sourceTree = "<group>"; };
		3290BD781EEA72980093E63A /* E.BrownFamilyEnvironmentalCenter.txt */ = {isa = PBXFileReference; fileEncoding = 4; lastKnownFileType = text; name = E.BrownFamilyEnvironmentalCenter.txt; path = "Handbook Text Files/E.BrownFamilyEnvironmentalCenter.txt"; sourceTree = "<group>"; };
		3290BD791EEA72980093E63A /* F.Computers,EmailandSocialMedia.txt */ = {isa = PBXFileReference; fileEncoding = 4; lastKnownFileType = text; name = "F.Computers,EmailandSocialMedia.txt"; path = "Handbook Text Files/F.Computers,EmailandSocialMedia.txt"; sourceTree = "<group>"; };
		3290BD7A1EEA72980093E63A /* FinancialArrangements.txt */ = {isa = PBXFileReference; fileEncoding = 4; lastKnownFileType = text; name = FinancialArrangements.txt; path = "Handbook Text Files/FinancialArrangements.txt"; sourceTree = "<group>"; };
		3290BD7B1EEA72980093E63A /* G.Conduct.txt */ = {isa = PBXFileReference; fileEncoding = 4; lastKnownFileType = text; name = G.Conduct.txt; path = "Handbook Text Files/G.Conduct.txt"; sourceTree = "<group>"; };
		3290BD7C1EEA72980093E63A /* H.Damage.txt */ = {isa = PBXFileReference; fileEncoding = 4; lastKnownFileType = text; name = H.Damage.txt; path = "Handbook Text Files/H.Damage.txt"; sourceTree = "<group>"; };
		3290BD7D1EEA72980093E63A /* I.DemonstrationsandProtests.txt */ = {isa = PBXFileReference; fileEncoding = 4; lastKnownFileType = text; name = I.DemonstrationsandProtests.txt; path = "Handbook Text Files/I.DemonstrationsandProtests.txt"; sourceTree = "<group>"; };
		3290BD7E1EEA72980093E63A /* InformalHearing.txt */ = {isa = PBXFileReference; fileEncoding = 4; lastKnownFileType = text; name = InformalHearing.txt; path = "Handbook Text Files/InformalHearing.txt"; sourceTree = "<group>"; };
		3290BD7F1EEA72980093E63A /* Introduction.txt */ = {isa = PBXFileReference; fileEncoding = 4; lastKnownFileType = text; name = Introduction.txt; path = "Handbook Text Files/Introduction.txt"; sourceTree = "<group>"; };
		3290BD801EEA72980093E63A /* J.DiscriminatoryHarassment.txt */ = {isa = PBXFileReference; fileEncoding = 4; lastKnownFileType = text; name = J.DiscriminatoryHarassment.txt; path = "Handbook Text Files/J.DiscriminatoryHarassment.txt"; sourceTree = "<group>"; };
		3290BD811EEA72980093E63A /* K.Drugs.txt */ = {isa = PBXFileReference; fileEncoding = 4; lastKnownFileType = text; name = K.Drugs.txt; path = "Handbook Text Files/K.Drugs.txt"; sourceTree = "<group>"; };
		3290BD821EEA72980093E63A /* L.EndangeringBehavior.txt */ = {isa = PBXFileReference; fileEncoding = 4; lastKnownFileType = text; name = L.EndangeringBehavior.txt; path = "Handbook Text Files/L.EndangeringBehavior.txt"; sourceTree = "<group>"; };
		3290BD831EEA72980093E63A /* M.FailuretoComply.txt */ = {isa = PBXFileReference; fileEncoding = 4; lastKnownFileType = text; name = M.FailuretoComply.txt; path = "Handbook Text Files/M.FailuretoComply.txt"; sourceTree = "<group>"; };
		3290BD841EEA72980093E63A /* MandatoryWithdrawal.txt */ = {isa = PBXFileReference; fileEncoding = 4; lastKnownFileType = text; name = MandatoryWithdrawal.txt; path = "Handbook Text Files/MandatoryWithdrawal.txt"; sourceTree = "<group>"; };
		3290BD851EEA72980093E63A /* MedicalLeaves.txt */ = {isa = PBXFileReference; fileEncoding = 4; lastKnownFileType = text; name = MedicalLeaves.txt; path = "Handbook Text Files/MedicalLeaves.txt"; sourceTree = "<group>"; };
		3290BD861EEA72980093E63A /* N.FireSafety.txt */ = {isa = PBXFileReference; fileEncoding = 4; lastKnownFileType = text; name = N.FireSafety.txt; path = "Handbook Text Files/N.FireSafety.txt"; sourceTree = "<group>"; };
		3290BD871EEA72980093E63A /* Non-DiscriminationStatement.txt */ = {isa = PBXFileReference; fileEncoding = 4; lastKnownFileType = text; name = "Non-DiscriminationStatement.txt"; path = "Handbook Text Files/Non-DiscriminationStatement.txt"; sourceTree = "<group>"; };
		3290BD881EEA72980093E63A /* O.Hazing.txt */ = {isa = PBXFileReference; fileEncoding = 4; lastKnownFileType = text; name = O.Hazing.txt; path = "Handbook Text Files/O.Hazing.txt"; sourceTree = "<group>"; };
		3290BD891EEA72980093E63A /* P.Honesty.txt */ = {isa = PBXFileReference; fileEncoding = 4; lastKnownFileType = text; name = P.Honesty.txt; path = "Handbook Text Files/P.Honesty.txt"; sourceTree = "<group>"; };
		3290BD8A1EEA72980093E63A /* PersonalLeaves.txt */ = {isa = PBXFileReference; fileEncoding = 4; lastKnownFileType = text; name = PersonalLeaves.txt; path = "Handbook Text Files/PersonalLeaves.txt"; sourceTree = "<group>"; };
		3290BD8B1EEA72980093E63A /* ProcessforMandatoryWithdrawal.txt */ = {isa = PBXFileReference; fileEncoding = 4; lastKnownFileType = text; name = ProcessforMandatoryWithdrawal.txt; path = "Handbook Text Files/ProcessforMandatoryWithdrawal.txt"; sourceTree = "<group>"; };
		3290BD8C1EEA72980093E63A /* Q.HousingandResidentialLife.txt */ = {isa = PBXFileReference; fileEncoding = 4; lastKnownFileType = text; name = Q.HousingandResidentialLife.txt; path = "Handbook Text Files/Q.HousingandResidentialLife.txt"; sourceTree = "<group>"; };
		3290BD8D1EEA72980093E63A /* R.CollegeIssuedIdentificationCards.txt */ = {isa = PBXFileReference; fileEncoding = 4; lastKnownFileType = text; name = R.CollegeIssuedIdentificationCards.txt; path = "Handbook Text Files/R.CollegeIssuedIdentificationCards.txt"; sourceTree = "<group>"; };
		3290BD8E1EEA72980093E63A /* ReturnfromaMandatoryWithdrawal.txt */ = {isa = PBXFileReference; fileEncoding = 4; lastKnownFileType = text; name = ReturnfromaMandatoryWithdrawal.txt; path = "Handbook Text Files/ReturnfromaMandatoryWithdrawal.txt"; sourceTree = "<group>"; };
		3290BD8F1EEA72980093E63A /* S.MotorVehicles.txt */ = {isa = PBXFileReference; fileEncoding = 4; lastKnownFileType = text; name = S.MotorVehicles.txt; path = "Handbook Text Files/S.MotorVehicles.txt"; sourceTree = "<group>"; };
		3290BD901EEA72980093E63A /* Section1.TermsUsedintheStudentConductReviewSystem.txt */ = {isa = PBXFileReference; fileEncoding = 4; lastKnownFileType = text; name = Section1.TermsUsedintheStudentConductReviewSystem.txt; path = "Handbook Text Files/Section1.TermsUsedintheStudentConductReviewSystem.txt"; sourceTree = "<group>"; };
		3290BD911EEA72980093E63A /* Section2.MembershipoftheStudentConductReviewBoard.txt */ = {isa = PBXFileReference; fileEncoding = 4; lastKnownFileType = text; name = Section2.MembershipoftheStudentConductReviewBoard.txt; path = "Handbook Text Files/Section2.MembershipoftheStudentConductReviewBoard.txt"; sourceTree = "<group>"; };
		3290BD921EEA72980093E63A /* Section3.InitialProceduresfortheResolutionofConductMatters.txt */ = {isa = PBXFileReference; fileEncoding = 4; lastKnownFileType = text; name = Section3.InitialProceduresfortheResolutionofConductMatters.txt; path = "Handbook Text Files/Section3.InitialProceduresfortheResolutionofConductMatters.txt"; sourceTree = "<group>"; };
		3290BD931EEA72980093E63A /* Section4.PowersandDutiesoftheStudentConductReviewBoard.txt */ = {isa = PBXFileReference; fileEncoding = 4; lastKnownFileType = text; name = Section4.PowersandDutiesoftheStudentConductReviewBoard.txt; path = "Handbook Text Files/Section4.PowersandDutiesoftheStudentConductReviewBoard.txt"; sourceTree = "<group>"; };
		3290BD941EEA72980093E63A /* Section5.RightsoftheComplainantandRightsoftheRespondentintheConductProcess.txt */ = {isa = PBXFileReference; fileEncoding = 4; lastKnownFileType = text; name = Section5.RightsoftheComplainantandRightsoftheRespondentintheConductProcess.txt; path = "Handbook Text Files/Section5.RightsoftheComplainantandRightsoftheRespondentintheConductProcess.txt"; sourceTree = "<group>"; };
		3290BD951EEA72980093E63A /* Section6.StudentConductReviewBoardProcedures.txt */ = {isa = PBXFileReference; fileEncoding = 4; lastKnownFileType = text; name = Section6.StudentConductReviewBoardProcedures.txt; path = "Handbook Text Files/Section6.StudentConductReviewBoardProcedures.txt"; sourceTree = "<group>"; };
		3290BD961EEA72980093E63A /* StudentRightsandResponsibilities.txt */ = {isa = PBXFileReference; fileEncoding = 4; lastKnownFileType = text; name = StudentRightsandResponsibilities.txt; path = "Handbook Text Files/StudentRightsandResponsibilities.txt"; sourceTree = "<group>"; };
		3290BD971EEA72980093E63A /* T.OrganizationsNotAffiliatedwiththeCollege.txt */ = {isa = PBXFileReference; fileEncoding = 4; lastKnownFileType = text; name = T.OrganizationsNotAffiliatedwiththeCollege.txt; path = "Handbook Text Files/T.OrganizationsNotAffiliatedwiththeCollege.txt"; sourceTree = "<group>"; };
		3290BD981EEA72980093E63A /* TheGoodSamaritanPolicy.txt */ = {isa = PBXFileReference; fileEncoding = 4; lastKnownFileType = text; name = TheGoodSamaritanPolicy.txt; path = "Handbook Text Files/TheGoodSamaritanPolicy.txt"; sourceTree = "<group>"; };
		3290BD991EEA72980093E63A /* TheStudentConductProcess.txt */ = {isa = PBXFileReference; fileEncoding = 4; lastKnownFileType = text; name = TheStudentConductProcess.txt; path = "Handbook Text Files/TheStudentConductProcess.txt"; sourceTree = "<group>"; };
		3290BD9A1EEA72980093E63A /* U.UnauthorizedAccess.txt */ = {isa = PBXFileReference; fileEncoding = 4; lastKnownFileType = text; name = U.UnauthorizedAccess.txt; path = "Handbook Text Files/U.UnauthorizedAccess.txt"; sourceTree = "<group>"; };
		3290BD9B1EEA72980093E63A /* V.SeniorWeek.txt */ = {isa = PBXFileReference; fileEncoding = 4; lastKnownFileType = text; name = V.SeniorWeek.txt; path = "Handbook Text Files/V.SeniorWeek.txt"; sourceTree = "<group>"; };
		3290BD9C1EEA72980093E63A /* W.SexualandGender-BasedDiscrimination.txt */ = {isa = PBXFileReference; fileEncoding = 4; lastKnownFileType = text; name = "W.SexualandGender-BasedDiscrimination.txt"; path = "Handbook Text Files/W.SexualandGender-BasedDiscrimination.txt"; sourceTree = "<group>"; };
		3290BD9D1EEA72980093E63A /* WithdrawalfromtheCollege.txt */ = {isa = PBXFileReference; fileEncoding = 4; lastKnownFileType = text; name = WithdrawalfromtheCollege.txt; path = "Handbook Text Files/WithdrawalfromtheCollege.txt"; sourceTree = "<group>"; };
		3290BD9E1EEA72980093E63A /* WithdrawingfromtheCollege.txt */ = {isa = PBXFileReference; fileEncoding = 4; lastKnownFileType = text; name = WithdrawingfromtheCollege.txt; path = "Handbook Text Files/WithdrawingfromtheCollege.txt"; sourceTree = "<group>"; };
		3290BD9F1EEA72980093E63A /* X.Smoking.txt */ = {isa = PBXFileReference; fileEncoding = 4; lastKnownFileType = text; name = X.Smoking.txt; path = "Handbook Text Files/X.Smoking.txt"; sourceTree = "<group>"; };
		3290BDA01EEA72980093E63A /* Y.SocialEvents.txt */ = {isa = PBXFileReference; fileEncoding = 4; lastKnownFileType = text; name = Y.SocialEvents.txt; path = "Handbook Text Files/Y.SocialEvents.txt"; sourceTree = "<group>"; };
		3290BDA11EEA72980093E63A /* Z.StudentEngagement.txt */ = {isa = PBXFileReference; fileEncoding = 4; lastKnownFileType = text; name = Z.StudentEngagement.txt; path = "Handbook Text Files/Z.StudentEngagement.txt"; sourceTree = "<group>"; };
		3290BDEE1EEA73B20093E63A /* eventDescriptionViewController.h */ = {isa = PBXFileReference; fileEncoding = 4; lastKnownFileType = sourcecode.c.h; name = eventDescriptionViewController.h; path = Events/eventDescriptionViewController.h; sourceTree = "<group>"; };
		3290BDEF1EEA73B20093E63A /* eventDescriptionViewController.m */ = {isa = PBXFileReference; fileEncoding = 4; lastKnownFileType = sourcecode.c.objc; name = eventDescriptionViewController.m; path = Events/eventDescriptionViewController.m; sourceTree = "<group>"; };
		3290BDF01EEA73B20093E63A /* eventSettingsViewController.h */ = {isa = PBXFileReference; fileEncoding = 4; lastKnownFileType = sourcecode.c.h; name = eventSettingsViewController.h; path = Events/eventSettingsViewController.h; sourceTree = "<group>"; };
		3290BDF11EEA73B20093E63A /* eventSettingsViewController.m */ = {isa = PBXFileReference; fileEncoding = 4; lastKnownFileType = sourcecode.c.objc; name = eventSettingsViewController.m; path = Events/eventSettingsViewController.m; sourceTree = "<group>"; };
		3290BDF21EEA73B20093E63A /* eventsViewController.h */ = {isa = PBXFileReference; fileEncoding = 4; lastKnownFileType = sourcecode.c.h; name = eventsViewController.h; path = Events/eventsViewController.h; sourceTree = "<group>"; };
		3290BDF31EEA73B20093E63A /* eventsViewController.m */ = {isa = PBXFileReference; fileEncoding = 4; lastKnownFileType = sourcecode.c.objc; name = eventsViewController.m; path = Events/eventsViewController.m; sourceTree = "<group>"; };
		3290BDF41EEA73B20093E63A /* eventTableViewCell.h */ = {isa = PBXFileReference; fileEncoding = 4; lastKnownFileType = sourcecode.c.h; name = eventTableViewCell.h; path = Events/eventTableViewCell.h; sourceTree = "<group>"; };
		3290BDF51EEA73B20093E63A /* eventTableViewCell.m */ = {isa = PBXFileReference; fileEncoding = 4; lastKnownFileType = sourcecode.c.objc; name = eventTableViewCell.m; path = Events/eventTableViewCell.m; sourceTree = "<group>"; };
		3290BDF61EEA73B20093E63A /* LTNavigationController.h */ = {isa = PBXFileReference; fileEncoding = 4; lastKnownFileType = sourcecode.c.h; name = LTNavigationController.h; path = Events/LTNavigationController.h; sourceTree = "<group>"; };
		3290BDF71EEA73B20093E63A /* LTNavigationController.m */ = {isa = PBXFileReference; fileEncoding = 4; lastKnownFileType = sourcecode.c.objc; name = LTNavigationController.m; path = Events/LTNavigationController.m; sourceTree = "<group>"; };
		3290BDFD1EEA740D0093E63A /* athleticsViewController.h */ = {isa = PBXFileReference; fileEncoding = 4; lastKnownFileType = sourcecode.c.h; name = athleticsViewController.h; path = Athletics/athleticsViewController.h; sourceTree = "<group>"; };
		3290BDFE1EEA740D0093E63A /* athleticsViewController.m */ = {isa = PBXFileReference; fileEncoding = 4; lastKnownFileType = sourcecode.c.objc; name = athleticsViewController.m; path = Athletics/athleticsViewController.m; sourceTree = "<group>"; };
		3290BDFF1EEA740D0093E63A /* gameTableViewCell.h */ = {isa = PBXFileReference; fileEncoding = 4; lastKnownFileType = sourcecode.c.h; name = gameTableViewCell.h; path = Athletics/gameTableViewCell.h; sourceTree = "<group>"; };
		3290BE001EEA740D0093E63A /* gameTableViewCell.m */ = {isa = PBXFileReference; fileEncoding = 4; lastKnownFileType = sourcecode.c.objc; name = gameTableViewCell.m; path = Athletics/gameTableViewCell.m; sourceTree = "<group>"; };
		3290BE011EEA740D0093E63A /* sportSelectionViewController.h */ = {isa = PBXFileReference; fileEncoding = 4; lastKnownFileType = sourcecode.c.h; name = sportSelectionViewController.h; path = Athletics/sportSelectionViewController.h; sourceTree = "<group>"; };
		3290BE021EEA740D0093E63A /* sportSelectionViewController.m */ = {isa = PBXFileReference; fileEncoding = 4; lastKnownFileType = sourcecode.c.objc; name = sportSelectionViewController.m; path = Athletics/sportSelectionViewController.m; sourceTree = "<group>"; };
		3290BE061EEA74760093E63A /* Handbook.h */ = {isa = PBXFileReference; fileEncoding = 4; lastKnownFileType = sourcecode.c.h; name = Handbook.h; path = Handbook/Handbook.h; sourceTree = "<group>"; };
		3290BE071EEA74760093E63A /* Handbook.m */ = {isa = PBXFileReference; fileEncoding = 4; lastKnownFileType = sourcecode.c.objc; name = Handbook.m; path = Handbook/Handbook.m; sourceTree = "<group>"; };
		3290BE081EEA74760093E63A /* handBookViewController.h */ = {isa = PBXFileReference; fileEncoding = 4; lastKnownFileType = sourcecode.c.h; name = handBookViewController.h; path = Handbook/handBookViewController.h; sourceTree = "<group>"; };
		3290BE091EEA74760093E63A /* handBookViewController.m */ = {isa = PBXFileReference; fileEncoding = 4; lastKnownFileType = sourcecode.c.objc; name = handBookViewController.m; path = Handbook/handBookViewController.m; sourceTree = "<group>"; };
		3290BE0A1EEA74760093E63A /* navInfoViewController.h */ = {isa = PBXFileReference; fileEncoding = 4; lastKnownFileType = sourcecode.c.h; name = navInfoViewController.h; path = Handbook/navInfoViewController.h; sourceTree = "<group>"; };
		3290BE0B1EEA74760093E63A /* navInfoViewController.m */ = {isa = PBXFileReference; fileEncoding = 4; lastKnownFileType = sourcecode.c.objc; name = navInfoViewController.m; path = Handbook/navInfoViewController.m; sourceTree = "<group>"; };
		3290BE0C1EEA74760093E63A /* searchViewController.h */ = {isa = PBXFileReference; fileEncoding = 4; lastKnownFileType = sourcecode.c.h; name = searchViewController.h; path = Handbook/searchViewController.h; sourceTree = "<group>"; };
		3290BE0D1EEA74760093E63A /* searchViewController.m */ = {isa = PBXFileReference; fileEncoding = 4; lastKnownFileType = sourcecode.c.objc; name = searchViewController.m; path = Handbook/searchViewController.m; sourceTree = "<group>"; };
		3290BE0E1EEA74760093E63A /* sectionViewController.h */ = {isa = PBXFileReference; fileEncoding = 4; lastKnownFileType = sourcecode.c.h; name = sectionViewController.h; path = Handbook/sectionViewController.h; sourceTree = "<group>"; };
		3290BE0F1EEA74760093E63A /* sectionViewController.m */ = {isa = PBXFileReference; fileEncoding = 4; lastKnownFileType = sourcecode.c.objc; name = sectionViewController.m; path = Handbook/sectionViewController.m; sourceTree = "<group>"; };
		3290BE151EEA74F00093E63A /* buildingAnnotation.h */ = {isa = PBXFileReference; fileEncoding = 4; lastKnownFileType = sourcecode.c.h; name = buildingAnnotation.h; path = Map/buildingAnnotation.h; sourceTree = "<group>"; };
		3290BE161EEA74F00093E63A /* buildingAnnotation.m */ = {isa = PBXFileReference; fileEncoding = 4; lastKnownFileType = sourcecode.c.objc; name = buildingAnnotation.m; path = Map/buildingAnnotation.m; sourceTree = "<group>"; };
		3290BE171EEA74F00093E63A /* buildingSelectionViewController.h */ = {isa = PBXFileReference; fileEncoding = 4; lastKnownFileType = sourcecode.c.h; name = buildingSelectionViewController.h; path = Map/buildingSelectionViewController.h; sourceTree = "<group>"; };
		3290BE181EEA74F00093E63A /* buildingSelectionViewController.m */ = {isa = PBXFileReference; fileEncoding = 4; lastKnownFileType = sourcecode.c.objc; name = buildingSelectionViewController.m; path = Map/buildingSelectionViewController.m; sourceTree = "<group>"; };
		3290BE191EEA74F00093E63A /* MapViewController.h */ = {isa = PBXFileReference; fileEncoding = 4; lastKnownFileType = sourcecode.c.h; name = MapViewController.h; path = Map/MapViewController.h; sourceTree = "<group>"; };
		3290BE1A1EEA74F00093E63A /* MapViewController.m */ = {isa = PBXFileReference; fileEncoding = 4; lastKnownFileType = sourcecode.c.objc; name = MapViewController.m; path = Map/MapViewController.m; sourceTree = "<group>"; };
		3290BE1E1EEA757D0093E63A /* AppDelegate.h */ = {isa = PBXFileReference; fileEncoding = 4; lastKnownFileType = sourcecode.c.h; name = AppDelegate.h; path = Misc/AppDelegate.h; sourceTree = "<group>"; };
		3290BE1F1EEA757D0093E63A /* AppDelegate.m */ = {isa = PBXFileReference; fileEncoding = 4; lastKnownFileType = sourcecode.c.objc; name = AppDelegate.m; path = Misc/AppDelegate.m; sourceTree = "<group>"; };
		3290BE201EEA757D0093E63A /* commonUseFunctions.h */ = {isa = PBXFileReference; fileEncoding = 4; lastKnownFileType = sourcecode.c.h; name = commonUseFunctions.h; path = Misc/commonUseFunctions.h; sourceTree = "<group>"; };
		3290BE211EEA757D0093E63A /* commonUseFunctions.m */ = {isa = PBXFileReference; fileEncoding = 4; lastKnownFileType = sourcecode.c.objc; name = commonUseFunctions.m; path = Misc/commonUseFunctions.m; sourceTree = "<group>"; };
		3290BE221EEA757D0093E63A /* FoundationsExtensions.h */ = {isa = PBXFileReference; fileEncoding = 4; lastKnownFileType = sourcecode.c.h; name = FoundationsExtensions.h; path = Misc/FoundationsExtensions.h; sourceTree = "<group>"; };
		3290BE231EEA757D0093E63A /* FoundationsExtensions.m */ = {isa = PBXFileReference; fileEncoding = 4; lastKnownFileType = sourcecode.c.objc; name = FoundationsExtensions.m; path = Misc/FoundationsExtensions.m; sourceTree = "<group>"; };
		3290BE241EEA757D0093E63A /* localSettings.h */ = {isa = PBXFileReference; fileEncoding = 4; lastKnownFileType = sourcecode.c.h; name = localSettings.h; path = Misc/localSettings.h; sourceTree = "<group>"; };
		3290BE251EEA757D0093E63A /* localSettings.m */ = {isa = PBXFileReference; fileEncoding = 4; lastKnownFileType = sourcecode.c.objc; name = localSettings.m; path = Misc/localSettings.m; sourceTree = "<group>"; };
		3290BE261EEA757D0093E63A /* recordIDManager.h */ = {isa = PBXFileReference; fileEncoding = 4; lastKnownFileType = sourcecode.c.h; name = recordIDManager.h; path = Misc/recordIDManager.h; sourceTree = "<group>"; };
		3290BE271EEA757D0093E63A /* recordIDManager.m */ = {isa = PBXFileReference; fileEncoding = 4; lastKnownFileType = sourcecode.c.objc; name = recordIDManager.m; path = Misc/recordIDManager.m; sourceTree = "<group>"; };
		3290BE281EEA757D0093E63A /* userRecordID.txt */ = {isa = PBXFileReference; fileEncoding = 4; lastKnownFileType = text; name = userRecordID.txt; path = Misc/userRecordID.txt; sourceTree = "<group>"; };
		3290BE291EEA757D0093E63A /* ViewController.h */ = {isa = PBXFileReference; fileEncoding = 4; lastKnownFileType = sourcecode.c.h; name = ViewController.h; path = Misc/ViewController.h; sourceTree = "<group>"; };
		3290BE2A1EEA757D0093E63A /* ViewController.m */ = {isa = PBXFileReference; fileEncoding = 4; lastKnownFileType = sourcecode.c.objc; name = ViewController.m; path = Misc/ViewController.m; sourceTree = "<group>"; };
		329EF2101D15CF450073CC3A /* MapKit.framework */ = {isa = PBXFileReference; lastKnownFileType = wrapper.framework; name = MapKit.framework; path = System/Library/Frameworks/MapKit.framework; sourceTree = SDKROOT; };
		329EF2121D15E4010073CC3A /* CoreLocation.framework */ = {isa = PBXFileReference; lastKnownFileType = wrapper.framework; name = CoreLocation.framework; path = System/Library/Frameworks/CoreLocation.framework; sourceTree = SDKROOT; };
		32CB41D71EEA78FE00209BE9 /* commentsViewController.h */ = {isa = PBXFileReference; fileEncoding = 4; lastKnownFileType = sourcecode.c.h; path = commentsViewController.h; sourceTree = "<group>"; };
		32CB41D81EEA78FE00209BE9 /* commentsViewController.m */ = {isa = PBXFileReference; fileEncoding = 4; lastKnownFileType = sourcecode.c.objc; path = commentsViewController.m; sourceTree = "<group>"; };
		32CB41D91EEA78FE00209BE9 /* composeViewController.h */ = {isa = PBXFileReference; fileEncoding = 4; lastKnownFileType = sourcecode.c.h; path = composeViewController.h; sourceTree = "<group>"; };
		32CB41DA1EEA78FE00209BE9 /* composeViewController.m */ = {isa = PBXFileReference; fileEncoding = 4; lastKnownFileType = sourcecode.c.objc; path = composeViewController.m; sourceTree = "<group>"; };
		32CB41DB1EEA78FE00209BE9 /* postManager.h */ = {isa = PBXFileReference; fileEncoding = 4; lastKnownFileType = sourcecode.c.h; path = postManager.h; sourceTree = "<group>"; };
		32CB41DC1EEA78FE00209BE9 /* postManager.m */ = {isa = PBXFileReference; fileEncoding = 4; lastKnownFileType = sourcecode.c.objc; path = postManager.m; sourceTree = "<group>"; };
		32CB41DD1EEA78FE00209BE9 /* segmentedLabel.h */ = {isa = PBXFileReference; fileEncoding = 4; lastKnownFileType = sourcecode.c.h; path = segmentedLabel.h; sourceTree = "<group>"; };
		32CB41DE1EEA78FE00209BE9 /* segmentedLabel.m */ = {isa = PBXFileReference; fileEncoding = 4; lastKnownFileType = sourcecode.c.objc; path = segmentedLabel.m; sourceTree = "<group>"; };
		32CB41DF1EEA78FE00209BE9 /* wallPost.h */ = {isa = PBXFileReference; fileEncoding = 4; lastKnownFileType = sourcecode.c.h; path = wallPost.h; sourceTree = "<group>"; };
		32CB41E01EEA78FE00209BE9 /* wallPost.m */ = {isa = PBXFileReference; fileEncoding = 4; lastKnownFileType = sourcecode.c.objc; path = wallPost.m; sourceTree = "<group>"; };
		32CB41E11EEA78FE00209BE9 /* wallPostComment.h */ = {isa = PBXFileReference; fileEncoding = 4; lastKnownFileType = sourcecode.c.h; path = wallPostComment.h; sourceTree = "<group>"; };
		32CB41E21EEA78FE00209BE9 /* wallPostComment.m */ = {isa = PBXFileReference; fileEncoding = 4; lastKnownFileType = sourcecode.c.objc; path = wallPostComment.m; sourceTree = "<group>"; };
		32CB41E31EEA78FE00209BE9 /* wallPostTableViewCell.h */ = {isa = PBXFileReference; fileEncoding = 4; lastKnownFileType = sourcecode.c.h; path = wallPostTableViewCell.h; sourceTree = "<group>"; };
		32CB41E41EEA78FE00209BE9 /* wallPostTableViewCell.m */ = {isa = PBXFileReference; fileEncoding = 4; lastKnownFileType = sourcecode.c.objc; path = wallPostTableViewCell.m; sourceTree = "<group>"; };
		32CB41E51EEA78FE00209BE9 /* wallViewController.h */ = {isa = PBXFileReference; fileEncoding = 4; lastKnownFileType = sourcecode.c.h; path = wallViewController.h; sourceTree = "<group>"; };
		32CB41E61EEA78FE00209BE9 /* wallViewController.m */ = {isa = PBXFileReference; fileEncoding = 4; lastKnownFileType = sourcecode.c.objc; path = wallViewController.m; sourceTree = "<group>"; };
		32D437C51E40045A00227E93 /* libSDWebImage.a */ = {isa = PBXFileReference; lastKnownFileType = archive.ar; name = libSDWebImage.a; path = "../../../../Library/Developer/Xcode/DerivedData/KenyonMobile_v0.0-eccgcnqcjqrchgbcooibddxkdvvr/Build/Products/Debug-iphoneos/SDWebImage/libSDWebImage.a"; sourceTree = "<group>"; };
		32D437C91E40089B00227E93 /* Settings.bundle */ = {isa = PBXFileReference; lastKnownFileType = "wrapper.plug-in"; path = Settings.bundle; sourceTree = "<group>"; };
		32E4B5071D2B6C80003B5E88 /* KenyonMobile v0.0.entitlements */ = {isa = PBXFileReference; lastKnownFileType = text.xml; path = "KenyonMobile v0.0.entitlements"; sourceTree = "<group>"; };
		32E4B5081D2B6C88003B5E88 /* CloudKit.framework */ = {isa = PBXFileReference; lastKnownFileType = wrapper.framework; name = CloudKit.framework; path = System/Library/Frameworks/CloudKit.framework; sourceTree = SDKROOT; };
		32EFAE311CF9597700845CEA /* Kenyon-Source.app */ = {isa = PBXFileReference; explicitFileType = wrapper.application; includeInIndex = 0; path = "Kenyon-Source.app"; sourceTree = BUILT_PRODUCTS_DIR; };
		32EFAE351CF9597700845CEA /* main.m */ = {isa = PBXFileReference; lastKnownFileType = sourcecode.c.objc; path = main.m; sourceTree = "<group>"; };
		32EFAE401CF9597700845CEA /* Assets.xcassets */ = {isa = PBXFileReference; lastKnownFileType = folder.assetcatalog; path = Assets.xcassets; sourceTree = "<group>"; };
		32EFAE431CF9597700845CEA /* Base */ = {isa = PBXFileReference; lastKnownFileType = file.storyboard; name = Base; path = Base.lproj/LaunchScreen.storyboard; sourceTree = "<group>"; };
		32EFAE451CF9597700845CEA /* Info.plist */ = {isa = PBXFileReference; lastKnownFileType = text.plist.xml; path = Info.plist; sourceTree = "<group>"; };
		32EFAE4A1CF9597800845CEA /* Kenyon-SourceTests.xctest */ = {isa = PBXFileReference; explicitFileType = wrapper.cfbundle; includeInIndex = 0; path = "Kenyon-SourceTests.xctest"; sourceTree = BUILT_PRODUCTS_DIR; };
		32EFAE4E1CF9597800845CEA /* KenyonMobile_v0_0Tests.m */ = {isa = PBXFileReference; lastKnownFileType = sourcecode.c.objc; path = KenyonMobile_v0_0Tests.m; sourceTree = "<group>"; };
		32EFAE501CF9597800845CEA /* Info.plist */ = {isa = PBXFileReference; lastKnownFileType = text.plist.xml; path = Info.plist; sourceTree = "<group>"; };
		32EFAE551CF9597800845CEA /* Kenyon-SourceUITests.xctest */ = {isa = PBXFileReference; explicitFileType = wrapper.cfbundle; includeInIndex = 0; path = "Kenyon-SourceUITests.xctest"; sourceTree = BUILT_PRODUCTS_DIR; };
		32EFAE591CF9597800845CEA /* KenyonMobile_v0_0UITests.m */ = {isa = PBXFileReference; lastKnownFileType = sourcecode.c.objc; path = KenyonMobile_v0_0UITests.m; sourceTree = "<group>"; };
		32EFAE5B1CF9597800845CEA /* Info.plist */ = {isa = PBXFileReference; lastKnownFileType = text.plist.xml; path = Info.plist; sourceTree = "<group>"; };
		37F7CEB056BE4A7CA4E63B04 /* libPods-KenyonMobile v0.0.a */ = {isa = PBXFileReference; explicitFileType = archive.ar; includeInIndex = 0; path = "libPods-KenyonMobile v0.0.a"; sourceTree = BUILT_PRODUCTS_DIR; };
		432D1179310344F65FEBDC26 /* Pods-Kenyon-SourceTests.debug.xcconfig */ = {isa = PBXFileReference; includeInIndex = 1; lastKnownFileType = text.xcconfig; name = "Pods-Kenyon-SourceTests.debug.xcconfig"; path = "Pods/Target Support Files/Pods-Kenyon-SourceTests/Pods-Kenyon-SourceTests.debug.xcconfig"; sourceTree = "<group>"; };
		43862264A3F78A148BD2EF4C /* Pods_Kenyon_Source.framework */ = {isa = PBXFileReference; explicitFileType = wrapper.framework; includeInIndex = 0; path = Pods_Kenyon_Source.framework; sourceTree = BUILT_PRODUCTS_DIR; };
		97F5ECD85241BCEC54A809DB /* Pods_Kenyon_SourceTests.framework */ = {isa = PBXFileReference; explicitFileType = wrapper.framework; includeInIndex = 0; path = Pods_Kenyon_SourceTests.framework; sourceTree = BUILT_PRODUCTS_DIR; };
		989E6E714EAB5A52741096FE /* Pods-Kenyon-SourceUITests.release.xcconfig */ = {isa = PBXFileReference; includeInIndex = 1; lastKnownFileType = text.xcconfig; name = "Pods-Kenyon-SourceUITests.release.xcconfig"; path = "Pods/Target Support Files/Pods-Kenyon-SourceUITests/Pods-Kenyon-SourceUITests.release.xcconfig"; sourceTree = "<group>"; };
		99F6A60EC56238F4289CBB93 /* libPods-KenyonMobile v0.0UITests.a */ = {isa = PBXFileReference; explicitFileType = archive.ar; includeInIndex = 0; path = "libPods-KenyonMobile v0.0UITests.a"; sourceTree = BUILT_PRODUCTS_DIR; };
		9B4914F050D26216AB520B25 /* Pods-Kenyon-SourceUITests.debug.xcconfig */ = {isa = PBXFileReference; includeInIndex = 1; lastKnownFileType = text.xcconfig; name = "Pods-Kenyon-SourceUITests.debug.xcconfig"; path = "Pods/Target Support Files/Pods-Kenyon-SourceUITests/Pods-Kenyon-SourceUITests.debug.xcconfig"; sourceTree = "<group>"; };
		A086FB19ACF4AA86529D9738 /* libPods-KenyonMobile v0.0Tests.a */ = {isa = PBXFileReference; explicitFileType = archive.ar; includeInIndex = 0; path = "libPods-KenyonMobile v0.0Tests.a"; sourceTree = BUILT_PRODUCTS_DIR; };
		F33EC1EB3268A460735865B1 /* Pods-Kenyon-SourceTests.release.xcconfig */ = {isa = PBXFileReference; includeInIndex = 1; lastKnownFileType = text.xcconfig; name = "Pods-Kenyon-SourceTests.release.xcconfig"; path = "Pods/Target Support Files/Pods-Kenyon-SourceTests/Pods-Kenyon-SourceTests.release.xcconfig"; sourceTree = "<group>"; };
/* End PBXFileReference section */

/* Begin PBXFrameworksBuildPhase section */
		32EFAE2E1CF9597700845CEA /* Frameworks */ = {
			isa = PBXFrameworksBuildPhase;
			buildActionMask = 2147483647;
			files = (
				323498451E453FA3000148DF /* EventKit.framework in Frameworks */,
				32015BAF1D39CFB80022513E /* SystemConfiguration.framework in Frameworks */,
				32E4B5091D2B6C88003B5E88 /* CloudKit.framework in Frameworks */,
				329EF2131D15E4010073CC3A /* CoreLocation.framework in Frameworks */,
				329EF2111D15CF450073CC3A /* MapKit.framework in Frameworks */,
				1603B59BDC59A2EFF65FB47C /* Pods_Kenyon_Source.framework in Frameworks */,
			);
			runOnlyForDeploymentPostprocessing = 0;
		};
		32EFAE471CF9597800845CEA /* Frameworks */ = {
			isa = PBXFrameworksBuildPhase;
			buildActionMask = 2147483647;
			files = (
				07BA2D61DDF8D17BF2AE38AA /* libPods-KenyonMobile v0.0Tests.a in Frameworks */,
				D788F89FD23F6E83F659C6A0 /* Pods_Kenyon_SourceTests.framework in Frameworks */,
			);
			runOnlyForDeploymentPostprocessing = 0;
		};
		32EFAE521CF9597800845CEA /* Frameworks */ = {
			isa = PBXFrameworksBuildPhase;
			buildActionMask = 2147483647;
			files = (
				3304FA84F71B3D85F41E14E2 /* libPods-KenyonMobile v0.0UITests.a in Frameworks */,
				D1F4159E5CDD3633D49C34A0 /* Pods_Kenyon_SourceUITests.framework in Frameworks */,
			);
			runOnlyForDeploymentPostprocessing = 0;
		};
/* End PBXFrameworksBuildPhase section */

/* Begin PBXGroup section */
		328A8F341D30937E00224047 /* Events */ = {
			isa = PBXGroup;
			children = (
				3290BDEE1EEA73B20093E63A /* eventDescriptionViewController.h */,
				3290BDEF1EEA73B20093E63A /* eventDescriptionViewController.m */,
				3290BDF01EEA73B20093E63A /* eventSettingsViewController.h */,
				3290BDF11EEA73B20093E63A /* eventSettingsViewController.m */,
				3290BDF21EEA73B20093E63A /* eventsViewController.h */,
				3290BDF31EEA73B20093E63A /* eventsViewController.m */,
				3290BDF41EEA73B20093E63A /* eventTableViewCell.h */,
				3290BDF51EEA73B20093E63A /* eventTableViewCell.m */,
				3290BDF61EEA73B20093E63A /* LTNavigationController.h */,
				3290BDF71EEA73B20093E63A /* LTNavigationController.m */,
			);
			name = Events;
			sourceTree = "<group>";
		};
		3290BD4F1EEA6F770093E63A /* Images */ = {
			isa = PBXGroup;
			children = (
				3290BD501EEA72340093E63A /* backButton.png */,
				3290BD511EEA72340093E63A /* circle2.png */,
				3290BD521EEA72340093E63A /* iconbig.png */,
				3290BD531EEA72340093E63A /* mapcenter2.png */,
				3290BD541EEA72340093E63A /* mapcompass.png */,
				3290BD551EEA72340093E63A /* maptrash.png */,
				3290BD561EEA72340093E63A /* menubar.png */,
				3290BD571EEA72340093E63A /* new.png */,
				3290BD581EEA72340093E63A /* pin2.png */,
				3290BD591EEA72340093E63A /* pin3.png */,
				3290BD5A1EEA72340093E63A /* refresh2.png */,
				3290BD5B1EEA72340093E63A /* search1.png */,
				3290BD5C1EEA72340093E63A /* shield2colors.png */,
				3290BD5D1EEA72340093E63A /* Untitled-3.png */,
				3290BD5E1EEA72340093E63A /* lightK.jpg */,
			);
			name = Images;
			sourceTree = "<group>";
		};
		32976D231D2DD00300696E6C /* Athletics */ = {
			isa = PBXGroup;
			children = (
				3290BDFD1EEA740D0093E63A /* athleticsViewController.h */,
				3290BDFE1EEA740D0093E63A /* athleticsViewController.m */,
				3290BDFF1EEA740D0093E63A /* gameTableViewCell.h */,
				3290BE001EEA740D0093E63A /* gameTableViewCell.m */,
				3290BE011EEA740D0093E63A /* sportSelectionViewController.h */,
				3290BE021EEA740D0093E63A /* sportSelectionViewController.m */,
			);
			name = Athletics;
			sourceTree = "<group>";
		};
		329EF20F1D15CCE30073CC3A /* Map */ = {
			isa = PBXGroup;
			children = (
				3290BE151EEA74F00093E63A /* buildingAnnotation.h */,
				3290BE161EEA74F00093E63A /* buildingAnnotation.m */,
				3290BE171EEA74F00093E63A /* buildingSelectionViewController.h */,
				3290BE181EEA74F00093E63A /* buildingSelectionViewController.m */,
				3290BE191EEA74F00093E63A /* MapViewController.h */,
				3290BE1A1EEA74F00093E63A /* MapViewController.m */,
			);
			name = Map;
			sourceTree = "<group>";
		};
		32D437D11E401DC300227E93 /* The Wall */ = {
			isa = PBXGroup;
			children = (
				32CB41D71EEA78FE00209BE9 /* commentsViewController.h */,
				32CB41D81EEA78FE00209BE9 /* commentsViewController.m */,
				32CB41D91EEA78FE00209BE9 /* composeViewController.h */,
				32CB41DA1EEA78FE00209BE9 /* composeViewController.m */,
				32CB41DB1EEA78FE00209BE9 /* postManager.h */,
				32CB41DC1EEA78FE00209BE9 /* postManager.m */,
				32CB41DD1EEA78FE00209BE9 /* segmentedLabel.h */,
				32CB41DE1EEA78FE00209BE9 /* segmentedLabel.m */,
				32CB41DF1EEA78FE00209BE9 /* wallPost.h */,
				32CB41E01EEA78FE00209BE9 /* wallPost.m */,
				32CB41E11EEA78FE00209BE9 /* wallPostComment.h */,
				32CB41E21EEA78FE00209BE9 /* wallPostComment.m */,
				32CB41E31EEA78FE00209BE9 /* wallPostTableViewCell.h */,
				32CB41E41EEA78FE00209BE9 /* wallPostTableViewCell.m */,
				32CB41E51EEA78FE00209BE9 /* wallViewController.h */,
				32CB41E61EEA78FE00209BE9 /* wallViewController.m */,
			);
			path = "The Wall";
			sourceTree = "<group>";
		};
		32EFAE281CF9597700845CEA = {
			isa = PBXGroup;
			children = (
				32015BB21D3AD0BE0022513E /* Icons.xcassets */,
				329EF2121D15E4010073CC3A /* CoreLocation.framework */,
				329EF2101D15CF450073CC3A /* MapKit.framework */,
				32EFAE331CF9597700845CEA /* KenyonMobile v0.0 */,
				32EFAE4D1CF9597800845CEA /* KenyonMobile v0.0Tests */,
				32EFAE581CF9597800845CEA /* KenyonMobile v0.0UITests */,
				32EFAE321CF9597700845CEA /* Products */,
				3290BD4F1EEA6F770093E63A /* Images */,
				32FF42151CFFE99900513CF7 /* Handbook Text Files */,
				320501061D24A37400949795 /* KenyonMobile v0.0-Bridging-Header.h */,
				A35FF96613A83DD1E1585D8A /* Frameworks */,
				63EEB0D441256CD5BE58F271 /* Pods */,
			);
			sourceTree = "<group>";
		};
		32EFAE321CF9597700845CEA /* Products */ = {
			isa = PBXGroup;
			children = (
				32EFAE311CF9597700845CEA /* Kenyon-Source.app */,
				32EFAE4A1CF9597800845CEA /* Kenyon-SourceTests.xctest */,
				32EFAE551CF9597800845CEA /* Kenyon-SourceUITests.xctest */,
			);
			name = Products;
			sourceTree = "<group>";
		};
		32EFAE331CF9597700845CEA /* KenyonMobile v0.0 */ = {
			isa = PBXGroup;
			children = (
				32D437C91E40089B00227E93 /* Settings.bundle */,
				32E4B5071D2B6C80003B5E88 /* KenyonMobile v0.0.entitlements */,
				3290BE1E1EEA757D0093E63A /* AppDelegate.h */,
				3290BE1F1EEA757D0093E63A /* AppDelegate.m */,
				3290BE201EEA757D0093E63A /* commonUseFunctions.h */,
				3290BE211EEA757D0093E63A /* commonUseFunctions.m */,
				3290BE221EEA757D0093E63A /* FoundationsExtensions.h */,
				3290BE231EEA757D0093E63A /* FoundationsExtensions.m */,
				3290BE241EEA757D0093E63A /* localSettings.h */,
				3290BE251EEA757D0093E63A /* localSettings.m */,
				3290BE261EEA757D0093E63A /* recordIDManager.h */,
				3290BE271EEA757D0093E63A /* recordIDManager.m */,
				3290BE281EEA757D0093E63A /* userRecordID.txt */,
				3290BE291EEA757D0093E63A /* ViewController.h */,
				3290BE2A1EEA757D0093E63A /* ViewController.m */,
				32D437D11E401DC300227E93 /* The Wall */,
				328A8F341D30937E00224047 /* Events */,
				32976D231D2DD00300696E6C /* Athletics */,
				32EFAE781CFA158E00845CEA /* Handbook */,
				329EF20F1D15CCE30073CC3A /* Map */,
				32EFAE401CF9597700845CEA /* Assets.xcassets */,
				322C3BD61D0258EF004CCD11 /* Main.storyboard */,
				32EFAE421CF9597700845CEA /* LaunchScreen.storyboard */,
				32EFAE451CF9597700845CEA /* Info.plist */,
				32EFAE341CF9597700845CEA /* Supporting Files */,
			);
			path = "KenyonMobile v0.0";
			sourceTree = "<group>";
		};
		32EFAE341CF9597700845CEA /* Supporting Files */ = {
			isa = PBXGroup;
			children = (
				32EFAE351CF9597700845CEA /* main.m */,
			);
			name = "Supporting Files";
			sourceTree = "<group>";
		};
		32EFAE4D1CF9597800845CEA /* KenyonMobile v0.0Tests */ = {
			isa = PBXGroup;
			children = (
				32EFAE4E1CF9597800845CEA /* KenyonMobile_v0_0Tests.m */,
				32EFAE501CF9597800845CEA /* Info.plist */,
			);
			path = "KenyonMobile v0.0Tests";
			sourceTree = "<group>";
		};
		32EFAE581CF9597800845CEA /* KenyonMobile v0.0UITests */ = {
			isa = PBXGroup;
			children = (
				32EFAE591CF9597800845CEA /* KenyonMobile_v0_0UITests.m */,
				32EFAE5B1CF9597800845CEA /* Info.plist */,
			);
			path = "KenyonMobile v0.0UITests";
			sourceTree = "<group>";
		};
		32EFAE781CFA158E00845CEA /* Handbook */ = {
			isa = PBXGroup;
			children = (
				3290BE061EEA74760093E63A /* Handbook.h */,
				3290BE071EEA74760093E63A /* Handbook.m */,
				3290BE081EEA74760093E63A /* handBookViewController.h */,
				3290BE091EEA74760093E63A /* handBookViewController.m */,
				3290BE0A1EEA74760093E63A /* navInfoViewController.h */,
				3290BE0B1EEA74760093E63A /* navInfoViewController.m */,
				3290BE0C1EEA74760093E63A /* searchViewController.h */,
				3290BE0D1EEA74760093E63A /* searchViewController.m */,
				3290BE0E1EEA74760093E63A /* sectionViewController.h */,
				3290BE0F1EEA74760093E63A /* sectionViewController.m */,
			);
			name = Handbook;
			sourceTree = "<group>";
		};
		32FF42151CFFE99900513CF7 /* Handbook Text Files */ = {
			isa = PBXGroup;
			children = (
				3290BD6E1EEA72980093E63A /* A.AlcoholicBeverages.txt */,
				3290BD6F1EEA72980093E63A /* AA.StudentEnterprises.txt */,
				3290BD701EEA72980093E63A /* Applicability.txt */,
				3290BD711EEA72980093E63A /* B.Non-SexualAssault.txt */,
				3290BD721EEA72980093E63A /* BB.Theft.txt */,
				3290BD731EEA72980093E63A /* C.Banners,flyers,andposters.txt */,
				3290BD741EEA72980093E63A /* CC.Weapons.txt */,
				3290BD751EEA72980093E63A /* ChangestoStudentRegulations.txt */,
				3290BD761EEA72980093E63A /* D.BicycleRegistrationandRegulations.txt */,
				3290BD771EEA72980093E63A /* DD.Weapons.txt */,
				3290BD781EEA72980093E63A /* E.BrownFamilyEnvironmentalCenter.txt */,
				3290BD791EEA72980093E63A /* F.Computers,EmailandSocialMedia.txt */,
				3290BD7A1EEA72980093E63A /* FinancialArrangements.txt */,
				3290BD7B1EEA72980093E63A /* G.Conduct.txt */,
				3290BD7C1EEA72980093E63A /* H.Damage.txt */,
				3290BD7D1EEA72980093E63A /* I.DemonstrationsandProtests.txt */,
				3290BD7E1EEA72980093E63A /* InformalHearing.txt */,
				3290BD7F1EEA72980093E63A /* Introduction.txt */,
				3290BD801EEA72980093E63A /* J.DiscriminatoryHarassment.txt */,
				3290BD811EEA72980093E63A /* K.Drugs.txt */,
				3290BD821EEA72980093E63A /* L.EndangeringBehavior.txt */,
				3290BD831EEA72980093E63A /* M.FailuretoComply.txt */,
				3290BD841EEA72980093E63A /* MandatoryWithdrawal.txt */,
				3290BD851EEA72980093E63A /* MedicalLeaves.txt */,
				3290BD861EEA72980093E63A /* N.FireSafety.txt */,
				3290BD871EEA72980093E63A /* Non-DiscriminationStatement.txt */,
				3290BD881EEA72980093E63A /* O.Hazing.txt */,
				3290BD891EEA72980093E63A /* P.Honesty.txt */,
				3290BD8A1EEA72980093E63A /* PersonalLeaves.txt */,
				3290BD8B1EEA72980093E63A /* ProcessforMandatoryWithdrawal.txt */,
				3290BD8C1EEA72980093E63A /* Q.HousingandResidentialLife.txt */,
				3290BD8D1EEA72980093E63A /* R.CollegeIssuedIdentificationCards.txt */,
				3290BD8E1EEA72980093E63A /* ReturnfromaMandatoryWithdrawal.txt */,
				3290BD8F1EEA72980093E63A /* S.MotorVehicles.txt */,
				3290BD901EEA72980093E63A /* Section1.TermsUsedintheStudentConductReviewSystem.txt */,
				3290BD911EEA72980093E63A /* Section2.MembershipoftheStudentConductReviewBoard.txt */,
				3290BD921EEA72980093E63A /* Section3.InitialProceduresfortheResolutionofConductMatters.txt */,
				3290BD931EEA72980093E63A /* Section4.PowersandDutiesoftheStudentConductReviewBoard.txt */,
				3290BD941EEA72980093E63A /* Section5.RightsoftheComplainantandRightsoftheRespondentintheConductProcess.txt */,
				3290BD951EEA72980093E63A /* Section6.StudentConductReviewBoardProcedures.txt */,
				3290BD961EEA72980093E63A /* StudentRightsandResponsibilities.txt */,
				3290BD971EEA72980093E63A /* T.OrganizationsNotAffiliatedwiththeCollege.txt */,
				3290BD981EEA72980093E63A /* TheGoodSamaritanPolicy.txt */,
				3290BD991EEA72980093E63A /* TheStudentConductProcess.txt */,
				3290BD9A1EEA72980093E63A /* U.UnauthorizedAccess.txt */,
				3290BD9B1EEA72980093E63A /* V.SeniorWeek.txt */,
				3290BD9C1EEA72980093E63A /* W.SexualandGender-BasedDiscrimination.txt */,
				3290BD9D1EEA72980093E63A /* WithdrawalfromtheCollege.txt */,
				3290BD9E1EEA72980093E63A /* WithdrawingfromtheCollege.txt */,
				3290BD9F1EEA72980093E63A /* X.Smoking.txt */,
				3290BDA01EEA72980093E63A /* Y.SocialEvents.txt */,
				3290BDA11EEA72980093E63A /* Z.StudentEngagement.txt */,
			);
			name = "Handbook Text Files";
			sourceTree = "<group>";
		};
		63EEB0D441256CD5BE58F271 /* Pods */ = {
			isa = PBXGroup;
			children = (
				05D575248E81D6EACF4EF023 /* Pods-Kenyon-Source.debug.xcconfig */,
				1D8EB7605CDD2A48335656F3 /* Pods-Kenyon-Source.release.xcconfig */,
				432D1179310344F65FEBDC26 /* Pods-Kenyon-SourceTests.debug.xcconfig */,
				F33EC1EB3268A460735865B1 /* Pods-Kenyon-SourceTests.release.xcconfig */,
				9B4914F050D26216AB520B25 /* Pods-Kenyon-SourceUITests.debug.xcconfig */,
				989E6E714EAB5A52741096FE /* Pods-Kenyon-SourceUITests.release.xcconfig */,
			);
			name = Pods;
			sourceTree = "<group>";
		};
		A35FF96613A83DD1E1585D8A /* Frameworks */ = {
			isa = PBXGroup;
			children = (
				323498441E453FA2000148DF /* EventKit.framework */,
				32D437C51E40045A00227E93 /* libSDWebImage.a */,
				32015BAE1D39CFB80022513E /* SystemConfiguration.framework */,
				32E4B5081D2B6C88003B5E88 /* CloudKit.framework */,
				37F7CEB056BE4A7CA4E63B04 /* libPods-KenyonMobile v0.0.a */,
				A086FB19ACF4AA86529D9738 /* libPods-KenyonMobile v0.0Tests.a */,
				99F6A60EC56238F4289CBB93 /* libPods-KenyonMobile v0.0UITests.a */,
				43862264A3F78A148BD2EF4C /* Pods_Kenyon_Source.framework */,
				97F5ECD85241BCEC54A809DB /* Pods_Kenyon_SourceTests.framework */,
				2BC9B44E60E48DD960BF3689 /* Pods_Kenyon_SourceUITests.framework */,
			);
			name = Frameworks;
			sourceTree = "<group>";
		};
/* End PBXGroup section */

/* Begin PBXNativeTarget section */
		32EFAE301CF9597700845CEA /* Kenyon-Source */ = {
			isa = PBXNativeTarget;
			buildConfigurationList = 32EFAE5E1CF9597800845CEA /* Build configuration list for PBXNativeTarget "Kenyon-Source" */;
			buildPhases = (
				CD0777F492A181BCC93FABE6 /* [CP] Check Pods Manifest.lock */,
				32EFAE2D1CF9597700845CEA /* Sources */,
				32EFAE2E1CF9597700845CEA /* Frameworks */,
				32EFAE2F1CF9597700845CEA /* Resources */,
				320D8E491D282E22007B1F29 /* Embed Frameworks */,
				BDD2B90EC913F1DD4380B325 /* [CP] Embed Pods Frameworks */,
				31627F51AD9BCDD688263FDB /* [CP] Copy Pods Resources */,
			);
			buildRules = (
			);
			dependencies = (
			);
			name = "Kenyon-Source";
			productName = "KenyonMobile v0.0";
			productReference = 32EFAE311CF9597700845CEA /* Kenyon-Source.app */;
			productType = "com.apple.product-type.application";
		};
		32EFAE491CF9597800845CEA /* Kenyon-SourceTests */ = {
			isa = PBXNativeTarget;
			buildConfigurationList = 32EFAE611CF9597800845CEA /* Build configuration list for PBXNativeTarget "Kenyon-SourceTests" */;
			buildPhases = (
				BF571216A39C5C07C3199301 /* [CP] Check Pods Manifest.lock */,
				32EFAE461CF9597800845CEA /* Sources */,
				32EFAE471CF9597800845CEA /* Frameworks */,
				32EFAE481CF9597800845CEA /* Resources */,
				ADB85D9A8D274637F4331BA4 /* [CP] Embed Pods Frameworks */,
				54424F50CA5D964DB4FE60CF /* [CP] Copy Pods Resources */,
			);
			buildRules = (
			);
			dependencies = (
				32EFAE4C1CF9597800845CEA /* PBXTargetDependency */,
			);
			name = "Kenyon-SourceTests";
			productName = "KenyonMobile v0.0Tests";
			productReference = 32EFAE4A1CF9597800845CEA /* Kenyon-SourceTests.xctest */;
			productType = "com.apple.product-type.bundle.unit-test";
		};
		32EFAE541CF9597800845CEA /* Kenyon-SourceUITests */ = {
			isa = PBXNativeTarget;
			buildConfigurationList = 32EFAE641CF9597800845CEA /* Build configuration list for PBXNativeTarget "Kenyon-SourceUITests" */;
			buildPhases = (
				B5D7661ED8AD294B3481E1DF /* [CP] Check Pods Manifest.lock */,
				32EFAE511CF9597800845CEA /* Sources */,
				32EFAE521CF9597800845CEA /* Frameworks */,
				32EFAE531CF9597800845CEA /* Resources */,
				8A4DD40C4EF91344826DB002 /* [CP] Copy Pods Resources */,
				E88B24D55B3322EEB40DAC43 /* [CP] Embed Pods Frameworks */,
			);
			buildRules = (
			);
			dependencies = (
				32EFAE571CF9597800845CEA /* PBXTargetDependency */,
			);
			name = "Kenyon-SourceUITests";
			productName = "KenyonMobile v0.0UITests";
			productReference = 32EFAE551CF9597800845CEA /* Kenyon-SourceUITests.xctest */;
			productType = "com.apple.product-type.bundle.ui-testing";
		};
/* End PBXNativeTarget section */

/* Begin PBXProject section */
		32EFAE291CF9597700845CEA /* Project object */ = {
			isa = PBXProject;
			attributes = {
				LastSwiftUpdateCheck = 0730;
				LastUpgradeCheck = 0820;
				ORGANIZATIONNAME = "Cameron Feenstra";
				TargetAttributes = {
					32EFAE301CF9597700845CEA = {
						CreatedOnToolsVersion = 7.1.1;
						DevelopmentTeam = A35YR6Q36M;
						ProvisioningStyle = Automatic;
						SystemCapabilities = {
							com.apple.iCloud = {
								enabled = 1;
							};
						};
					};
					32EFAE491CF9597800845CEA = {
						CreatedOnToolsVersion = 7.1.1;
						TestTargetID = 32EFAE301CF9597700845CEA;
					};
					32EFAE541CF9597800845CEA = {
						CreatedOnToolsVersion = 7.1.1;
						TestTargetID = 32EFAE301CF9597700845CEA;
					};
				};
			};
			buildConfigurationList = 32EFAE2C1CF9597700845CEA /* Build configuration list for PBXProject "Kenyon-Source" */;
			compatibilityVersion = "Xcode 3.2";
			developmentRegion = English;
			hasScannedForEncodings = 0;
			knownRegions = (
				en,
				Base,
			);
			mainGroup = 32EFAE281CF9597700845CEA;
			productRefGroup = 32EFAE321CF9597700845CEA /* Products */;
			projectDirPath = "";
			projectRoot = "";
			targets = (
				32EFAE301CF9597700845CEA /* Kenyon-Source */,
				32EFAE491CF9597800845CEA /* Kenyon-SourceTests */,
				32EFAE541CF9597800845CEA /* Kenyon-SourceUITests */,
			);
		};
/* End PBXProject section */

/* Begin PBXResourcesBuildPhase section */
		32EFAE2F1CF9597700845CEA /* Resources */ = {
			isa = PBXResourcesBuildPhase;
			buildActionMask = 2147483647;
			files = (
				3290BDA71EEA72980093E63A /* C.Banners,flyers,andposters.txt in Resources */,
				3290BDCE1EEA72980093E63A /* U.UnauthorizedAccess.txt in Resources */,
				3290BD661EEA72340093E63A /* new.png in Resources */,
				3290BDC71EEA72980093E63A /* Section4.PowersandDutiesoftheStudentConductReviewBoard.txt in Resources */,
				3290BD671EEA72340093E63A /* pin2.png in Resources */,
				3290BDB71EEA72980093E63A /* M.FailuretoComply.txt in Resources */,
				3290BDC01EEA72980093E63A /* Q.HousingandResidentialLife.txt in Resources */,
				3290BD681EEA72340093E63A /* pin3.png in Resources */,
				3290BDC11EEA72980093E63A /* R.CollegeIssuedIdentificationCards.txt in Resources */,
				3290BD691EEA72340093E63A /* refresh2.png in Resources */,
				32EFAE441CF9597700845CEA /* LaunchScreen.storyboard in Resources */,
				3290BDAB1EEA72980093E63A /* DD.Weapons.txt in Resources */,
				3290BD6C1EEA72340093E63A /* Untitled-3.png in Resources */,
				3290BD6D1EEA72340093E63A /* lightK.jpg in Resources */,
				3290BDCB1EEA72980093E63A /* T.OrganizationsNotAffiliatedwiththeCollege.txt in Resources */,
				3290BD641EEA72340093E63A /* maptrash.png in Resources */,
				3290BDA81EEA72980093E63A /* CC.Weapons.txt in Resources */,
				3290BDAE1EEA72980093E63A /* FinancialArrangements.txt in Resources */,
				3290BD651EEA72340093E63A /* menubar.png in Resources */,
				3290BDAA1EEA72980093E63A /* D.BicycleRegistrationandRegulations.txt in Resources */,
				3290BDD31EEA72980093E63A /* X.Smoking.txt in Resources */,
				3290BDA61EEA72980093E63A /* BB.Theft.txt in Resources */,
				3290BDCA1EEA72980093E63A /* StudentRightsandResponsibilities.txt in Resources */,
				3290BDB11EEA72980093E63A /* I.DemonstrationsandProtests.txt in Resources */,
				3290BDA21EEA72980093E63A /* A.AlcoholicBeverages.txt in Resources */,
				3290BDBD1EEA72980093E63A /* P.Honesty.txt in Resources */,
				32EFAE411CF9597700845CEA /* Assets.xcassets in Resources */,
				3290BDC31EEA72980093E63A /* S.MotorVehicles.txt in Resources */,
				3290BDC91EEA72980093E63A /* Section6.StudentConductReviewBoardProcedures.txt in Resources */,
				3290BD621EEA72340093E63A /* mapcenter2.png in Resources */,
				3290BDC51EEA72980093E63A /* Section2.MembershipoftheStudentConductReviewBoard.txt in Resources */,
				3290BDBB1EEA72980093E63A /* Non-DiscriminationStatement.txt in Resources */,
				3290BDD51EEA72980093E63A /* Z.StudentEngagement.txt in Resources */,
				3290BDB51EEA72980093E63A /* K.Drugs.txt in Resources */,
				3290BDBA1EEA72980093E63A /* N.FireSafety.txt in Resources */,
				3290BDAC1EEA72980093E63A /* E.BrownFamilyEnvironmentalCenter.txt in Resources */,
				3290BDCD1EEA72980093E63A /* TheStudentConductProcess.txt in Resources */,
				3290BDCC1EEA72980093E63A /* TheGoodSamaritanPolicy.txt in Resources */,
				3290BDB81EEA72980093E63A /* MandatoryWithdrawal.txt in Resources */,
				3290BD5F1EEA72340093E63A /* backButton.png in Resources */,
				3290BDAD1EEA72980093E63A /* F.Computers,EmailandSocialMedia.txt in Resources */,
				3290BDAF1EEA72980093E63A /* G.Conduct.txt in Resources */,
				3290BDBE1EEA72980093E63A /* PersonalLeaves.txt in Resources */,
				3290BDC81EEA72980093E63A /* Section5.RightsoftheComplainantandRightsoftheRespondentintheConductProcess.txt in Resources */,
				3290BE301EEA757D0093E63A /* userRecordID.txt in Resources */,
				3290BDD01EEA72980093E63A /* W.SexualandGender-BasedDiscrimination.txt in Resources */,
				322C3BD71D0258EF004CCD11 /* Main.storyboard in Resources */,
				3290BDB21EEA72980093E63A /* InformalHearing.txt in Resources */,
				32015BB31D3AD0BE0022513E /* Icons.xcassets in Resources */,
				3290BDB41EEA72980093E63A /* J.DiscriminatoryHarassment.txt in Resources */,
				3290BDBF1EEA72980093E63A /* ProcessforMandatoryWithdrawal.txt in Resources */,
				3290BDB31EEA72980093E63A /* Introduction.txt in Resources */,
				3290BD6B1EEA72340093E63A /* shield2colors.png in Resources */,
				3290BDC41EEA72980093E63A /* Section1.TermsUsedintheStudentConductReviewSystem.txt in Resources */,
				3290BDB61EEA72980093E63A /* L.EndangeringBehavior.txt in Resources */,
				3290BDD21EEA72980093E63A /* WithdrawingfromtheCollege.txt in Resources */,
				3290BDA51EEA72980093E63A /* B.Non-SexualAssault.txt in Resources */,
				3290BD611EEA72340093E63A /* iconbig.png in Resources */,
				3290BDC21EEA72980093E63A /* ReturnfromaMandatoryWithdrawal.txt in Resources */,
				3290BDC61EEA72980093E63A /* Section3.InitialProceduresfortheResolutionofConductMatters.txt in Resources */,
				3290BDCF1EEA72980093E63A /* V.SeniorWeek.txt in Resources */,
				3290BD631EEA72340093E63A /* mapcompass.png in Resources */,
				3290BDA31EEA72980093E63A /* AA.StudentEnterprises.txt in Resources */,
				3290BDBC1EEA72980093E63A /* O.Hazing.txt in Resources */,
				3290BDD41EEA72980093E63A /* Y.SocialEvents.txt in Resources */,
				3290BD601EEA72340093E63A /* circle2.png in Resources */,
				3290BDB01EEA72980093E63A /* H.Damage.txt in Resources */,
				3290BD6A1EEA72340093E63A /* search1.png in Resources */,
				3290BDB91EEA72980093E63A /* MedicalLeaves.txt in Resources */,
				3290BDA41EEA72980093E63A /* Applicability.txt in Resources */,
				3290BDA91EEA72980093E63A /* ChangestoStudentRegulations.txt in Resources */,
				3290BDD11EEA72980093E63A /* WithdrawalfromtheCollege.txt in Resources */,
				32D437CA1E40089B00227E93 /* Settings.bundle in Resources */,
			);
			runOnlyForDeploymentPostprocessing = 0;
		};
		32EFAE481CF9597800845CEA /* Resources */ = {
			isa = PBXResourcesBuildPhase;
			buildActionMask = 2147483647;
			files = (
			);
			runOnlyForDeploymentPostprocessing = 0;
		};
		32EFAE531CF9597800845CEA /* Resources */ = {
			isa = PBXResourcesBuildPhase;
			buildActionMask = 2147483647;
			files = (
			);
			runOnlyForDeploymentPostprocessing = 0;
		};
/* End PBXResourcesBuildPhase section */

/* Begin PBXShellScriptBuildPhase section */
		31627F51AD9BCDD688263FDB /* [CP] Copy Pods Resources */ = {
			isa = PBXShellScriptBuildPhase;
			buildActionMask = 2147483647;
			files = (
			);
			inputPaths = (
			);
			name = "[CP] Copy Pods Resources";
			outputPaths = (
			);
			runOnlyForDeploymentPostprocessing = 0;
			shellPath = /bin/sh;
			shellScript = "\"${SRCROOT}/Pods/Target Support Files/Pods-Kenyon-Source/Pods-Kenyon-Source-resources.sh\"\n";
			showEnvVarsInLog = 0;
		};
		54424F50CA5D964DB4FE60CF /* [CP] Copy Pods Resources */ = {
			isa = PBXShellScriptBuildPhase;
			buildActionMask = 2147483647;
			files = (
			);
			inputPaths = (
			);
			name = "[CP] Copy Pods Resources";
			outputPaths = (
			);
			runOnlyForDeploymentPostprocessing = 0;
			shellPath = /bin/sh;
			shellScript = "\"${SRCROOT}/Pods/Target Support Files/Pods-Kenyon-SourceTests/Pods-Kenyon-SourceTests-resources.sh\"\n";
			showEnvVarsInLog = 0;
		};
		8A4DD40C4EF91344826DB002 /* [CP] Copy Pods Resources */ = {
			isa = PBXShellScriptBuildPhase;
			buildActionMask = 2147483647;
			files = (
			);
			inputPaths = (
			);
			name = "[CP] Copy Pods Resources";
			outputPaths = (
			);
			runOnlyForDeploymentPostprocessing = 0;
			shellPath = /bin/sh;
			shellScript = "\"${SRCROOT}/Pods/Target Support Files/Pods-Kenyon-SourceUITests/Pods-Kenyon-SourceUITests-resources.sh\"\n";
			showEnvVarsInLog = 0;
		};
		ADB85D9A8D274637F4331BA4 /* [CP] Embed Pods Frameworks */ = {
			isa = PBXShellScriptBuildPhase;
			buildActionMask = 2147483647;
			files = (
			);
			inputPaths = (
			);
			name = "[CP] Embed Pods Frameworks";
			outputPaths = (
			);
			runOnlyForDeploymentPostprocessing = 0;
			shellPath = /bin/sh;
			shellScript = "\"${SRCROOT}/Pods/Target Support Files/Pods-Kenyon-SourceTests/Pods-Kenyon-SourceTests-frameworks.sh\"\n";
			showEnvVarsInLog = 0;
		};
		B5D7661ED8AD294B3481E1DF /* [CP] Check Pods Manifest.lock */ = {
			isa = PBXShellScriptBuildPhase;
			buildActionMask = 2147483647;
			files = (
			);
			inputPaths = (
			);
			name = "[CP] Check Pods Manifest.lock";
			outputPaths = (
			);
			runOnlyForDeploymentPostprocessing = 0;
			shellPath = /bin/sh;
			shellScript = "diff \"${PODS_ROOT}/../Podfile.lock\" \"${PODS_ROOT}/Manifest.lock\" > /dev/null\nif [ $? != 0 ] ; then\n    # print error to STDERR\n    echo \"error: The sandbox is not in sync with the Podfile.lock. Run 'pod install' or update your CocoaPods installation.\" >&2\n    exit 1\nfi\n";
			showEnvVarsInLog = 0;
		};
		BDD2B90EC913F1DD4380B325 /* [CP] Embed Pods Frameworks */ = {
			isa = PBXShellScriptBuildPhase;
			buildActionMask = 2147483647;
			files = (
			);
			inputPaths = (
			);
			name = "[CP] Embed Pods Frameworks";
			outputPaths = (
			);
			runOnlyForDeploymentPostprocessing = 0;
			shellPath = /bin/sh;
			shellScript = "\"${SRCROOT}/Pods/Target Support Files/Pods-Kenyon-Source/Pods-Kenyon-Source-frameworks.sh\"\n";
			showEnvVarsInLog = 0;
		};
		BF571216A39C5C07C3199301 /* [CP] Check Pods Manifest.lock */ = {
			isa = PBXShellScriptBuildPhase;
			buildActionMask = 2147483647;
			files = (
			);
			inputPaths = (
			);
			name = "[CP] Check Pods Manifest.lock";
			outputPaths = (
			);
			runOnlyForDeploymentPostprocessing = 0;
			shellPath = /bin/sh;
			shellScript = "diff \"${PODS_ROOT}/../Podfile.lock\" \"${PODS_ROOT}/Manifest.lock\" > /dev/null\nif [ $? != 0 ] ; then\n    # print error to STDERR\n    echo \"error: The sandbox is not in sync with the Podfile.lock. Run 'pod install' or update your CocoaPods installation.\" >&2\n    exit 1\nfi\n";
			showEnvVarsInLog = 0;
		};
		CD0777F492A181BCC93FABE6 /* [CP] Check Pods Manifest.lock */ = {
			isa = PBXShellScriptBuildPhase;
			buildActionMask = 2147483647;
			files = (
			);
			inputPaths = (
			);
			name = "[CP] Check Pods Manifest.lock";
			outputPaths = (
			);
			runOnlyForDeploymentPostprocessing = 0;
			shellPath = /bin/sh;
			shellScript = "diff \"${PODS_ROOT}/../Podfile.lock\" \"${PODS_ROOT}/Manifest.lock\" > /dev/null\nif [ $? != 0 ] ; then\n    # print error to STDERR\n    echo \"error: The sandbox is not in sync with the Podfile.lock. Run 'pod install' or update your CocoaPods installation.\" >&2\n    exit 1\nfi\n";
			showEnvVarsInLog = 0;
		};
		E88B24D55B3322EEB40DAC43 /* [CP] Embed Pods Frameworks */ = {
			isa = PBXShellScriptBuildPhase;
			buildActionMask = 2147483647;
			files = (
			);
			inputPaths = (
			);
			name = "[CP] Embed Pods Frameworks";
			outputPaths = (
			);
			runOnlyForDeploymentPostprocessing = 0;
			shellPath = /bin/sh;
			shellScript = "\"${SRCROOT}/Pods/Target Support Files/Pods-Kenyon-SourceUITests/Pods-Kenyon-SourceUITests-frameworks.sh\"\n";
			showEnvVarsInLog = 0;
		};
/* End PBXShellScriptBuildPhase section */

/* Begin PBXSourcesBuildPhase section */
		32EFAE2D1CF9597700845CEA /* Sources */ = {
			isa = PBXSourcesBuildPhase;
			buildActionMask = 2147483647;
			files = (
				3290BE2E1EEA757D0093E63A /* localSettings.m in Sources */,
				32CB41E81EEA78FE00209BE9 /* composeViewController.m in Sources */,
				3290BE1B1EEA74F00093E63A /* buildingAnnotation.m in Sources */,
				32CB41ED1EEA78FE00209BE9 /* wallPostTableViewCell.m in Sources */,
				32CB41EE1EEA78FE00209BE9 /* wallViewController.m in Sources */,
				32CB41E91EEA78FE00209BE9 /* postManager.m in Sources */,
				3290BE041EEA740D0093E63A /* gameTableViewCell.m in Sources */,
				3290BE121EEA74760093E63A /* navInfoViewController.m in Sources */,
				3290BE1C1EEA74F00093E63A /* buildingSelectionViewController.m in Sources */,
				3290BE141EEA74760093E63A /* sectionViewController.m in Sources */,
				3290BE051EEA740D0093E63A /* sportSelectionViewController.m in Sources */,
				3290BE2C1EEA757D0093E63A /* commonUseFunctions.m in Sources */,
				3290BDF81EEA73B20093E63A /* eventDescriptionViewController.m in Sources */,
				32CB41EB1EEA78FE00209BE9 /* wallPost.m in Sources */,
				3290BDFC1EEA73B20093E63A /* LTNavigationController.m in Sources */,
				3290BE1D1EEA74F00093E63A /* MapViewController.m in Sources */,
				3290BDFB1EEA73B20093E63A /* eventTableViewCell.m in Sources */,
				3290BE2D1EEA757D0093E63A /* FoundationsExtensions.m in Sources */,
				32EFAE361CF9597700845CEA /* main.m in Sources */,
				3290BE101EEA74760093E63A /* Handbook.m in Sources */,
				3290BE2F1EEA757D0093E63A /* recordIDManager.m in Sources */,
				32CB41E71EEA78FE00209BE9 /* commentsViewController.m in Sources */,
				3290BDF91EEA73B20093E63A /* eventSettingsViewController.m in Sources */,
				3290BE031EEA740D0093E63A /* athleticsViewController.m in Sources */,
				3290BE311EEA757D0093E63A /* ViewController.m in Sources */,
				32CB41EC1EEA78FE00209BE9 /* wallPostComment.m in Sources */,
				3290BE2B1EEA757D0093E63A /* AppDelegate.m in Sources */,
				3290BE111EEA74760093E63A /* handBookViewController.m in Sources */,
				3290BE131EEA74760093E63A /* searchViewController.m in Sources */,
				32CB41EA1EEA78FE00209BE9 /* segmentedLabel.m in Sources */,
				3290BDFA1EEA73B20093E63A /* eventsViewController.m in Sources */,
			);
			runOnlyForDeploymentPostprocessing = 0;
		};
		32EFAE461CF9597800845CEA /* Sources */ = {
			isa = PBXSourcesBuildPhase;
			buildActionMask = 2147483647;
			files = (
				32EFAE4F1CF9597800845CEA /* KenyonMobile_v0_0Tests.m in Sources */,
			);
			runOnlyForDeploymentPostprocessing = 0;
		};
		32EFAE511CF9597800845CEA /* Sources */ = {
			isa = PBXSourcesBuildPhase;
			buildActionMask = 2147483647;
			files = (
				32EFAE5A1CF9597800845CEA /* KenyonMobile_v0_0UITests.m in Sources */,
			);
			runOnlyForDeploymentPostprocessing = 0;
		};
/* End PBXSourcesBuildPhase section */

/* Begin PBXTargetDependency section */
		32EFAE4C1CF9597800845CEA /* PBXTargetDependency */ = {
			isa = PBXTargetDependency;
			target = 32EFAE301CF9597700845CEA /* Kenyon-Source */;
			targetProxy = 32EFAE4B1CF9597800845CEA /* PBXContainerItemProxy */;
		};
		32EFAE571CF9597800845CEA /* PBXTargetDependency */ = {
			isa = PBXTargetDependency;
			target = 32EFAE301CF9597700845CEA /* Kenyon-Source */;
			targetProxy = 32EFAE561CF9597800845CEA /* PBXContainerItemProxy */;
		};
/* End PBXTargetDependency section */

/* Begin PBXVariantGroup section */
		32EFAE421CF9597700845CEA /* LaunchScreen.storyboard */ = {
			isa = PBXVariantGroup;
			children = (
				32EFAE431CF9597700845CEA /* Base */,
			);
			name = LaunchScreen.storyboard;
			sourceTree = "<group>";
		};
/* End PBXVariantGroup section */

/* Begin XCBuildConfiguration section */
		32EFAE5C1CF9597800845CEA /* Debug */ = {
			isa = XCBuildConfiguration;
			buildSettings = {
				ALWAYS_SEARCH_USER_PATHS = NO;
				CLANG_CXX_LANGUAGE_STANDARD = "gnu++0x";
				CLANG_CXX_LIBRARY = "libc++";
				CLANG_ENABLE_MODULES = YES;
				CLANG_ENABLE_OBJC_ARC = YES;
				CLANG_WARN_BOOL_CONVERSION = YES;
				CLANG_WARN_CONSTANT_CONVERSION = YES;
				CLANG_WARN_DIRECT_OBJC_ISA_USAGE = YES_ERROR;
				CLANG_WARN_EMPTY_BODY = YES;
				CLANG_WARN_ENUM_CONVERSION = YES;
				CLANG_WARN_INFINITE_RECURSION = YES;
				CLANG_WARN_INT_CONVERSION = YES;
				CLANG_WARN_OBJC_ROOT_CLASS = YES_ERROR;
				CLANG_WARN_SUSPICIOUS_MOVE = YES;
				CLANG_WARN_UNREACHABLE_CODE = YES;
				CLANG_WARN__DUPLICATE_METHOD_MATCH = YES;
				"CODE_SIGN_IDENTITY[sdk=iphoneos*]" = "iPhone Developer";
				COPY_PHASE_STRIP = NO;
				DEBUG_INFORMATION_FORMAT = dwarf;
				ENABLE_STRICT_OBJC_MSGSEND = YES;
				ENABLE_TESTABILITY = YES;
				GCC_C_LANGUAGE_STANDARD = gnu99;
				GCC_DYNAMIC_NO_PIC = NO;
				GCC_NO_COMMON_BLOCKS = YES;
				GCC_OPTIMIZATION_LEVEL = 0;
				GCC_PREPROCESSOR_DEFINITIONS = (
					"DEBUG=1",
					"$(inherited)",
				);
				GCC_WARN_64_TO_32_BIT_CONVERSION = YES;
				GCC_WARN_ABOUT_RETURN_TYPE = YES_ERROR;
				GCC_WARN_UNDECLARED_SELECTOR = YES;
				GCC_WARN_UNINITIALIZED_AUTOS = YES_AGGRESSIVE;
				GCC_WARN_UNUSED_FUNCTION = YES;
				GCC_WARN_UNUSED_VARIABLE = YES;
				IPHONEOS_DEPLOYMENT_TARGET = 9.1;
				MTL_ENABLE_DEBUG_INFO = YES;
				ONLY_ACTIVE_ARCH = YES;
				SDKROOT = iphoneos;
			};
			name = Debug;
		};
		32EFAE5D1CF9597800845CEA /* Release */ = {
			isa = XCBuildConfiguration;
			buildSettings = {
				ALWAYS_SEARCH_USER_PATHS = NO;
				CLANG_CXX_LANGUAGE_STANDARD = "gnu++0x";
				CLANG_CXX_LIBRARY = "libc++";
				CLANG_ENABLE_MODULES = YES;
				CLANG_ENABLE_OBJC_ARC = YES;
				CLANG_WARN_BOOL_CONVERSION = YES;
				CLANG_WARN_CONSTANT_CONVERSION = YES;
				CLANG_WARN_DIRECT_OBJC_ISA_USAGE = YES_ERROR;
				CLANG_WARN_EMPTY_BODY = YES;
				CLANG_WARN_ENUM_CONVERSION = YES;
				CLANG_WARN_INFINITE_RECURSION = YES;
				CLANG_WARN_INT_CONVERSION = YES;
				CLANG_WARN_OBJC_ROOT_CLASS = YES_ERROR;
				CLANG_WARN_SUSPICIOUS_MOVE = YES;
				CLANG_WARN_UNREACHABLE_CODE = YES;
				CLANG_WARN__DUPLICATE_METHOD_MATCH = YES;
				"CODE_SIGN_IDENTITY[sdk=iphoneos*]" = "iPhone Developer";
				COPY_PHASE_STRIP = NO;
				DEBUG_INFORMATION_FORMAT = "dwarf-with-dsym";
				ENABLE_NS_ASSERTIONS = NO;
				ENABLE_STRICT_OBJC_MSGSEND = YES;
				GCC_C_LANGUAGE_STANDARD = gnu99;
				GCC_NO_COMMON_BLOCKS = YES;
				GCC_WARN_64_TO_32_BIT_CONVERSION = YES;
				GCC_WARN_ABOUT_RETURN_TYPE = YES_ERROR;
				GCC_WARN_UNDECLARED_SELECTOR = YES;
				GCC_WARN_UNINITIALIZED_AUTOS = YES_AGGRESSIVE;
				GCC_WARN_UNUSED_FUNCTION = YES;
				GCC_WARN_UNUSED_VARIABLE = YES;
				IPHONEOS_DEPLOYMENT_TARGET = 9.1;
				MTL_ENABLE_DEBUG_INFO = NO;
				SDKROOT = iphoneos;
				VALIDATE_PRODUCT = YES;
			};
			name = Release;
		};
		32EFAE5F1CF9597800845CEA /* Debug */ = {
			isa = XCBuildConfiguration;
			baseConfigurationReference = 05D575248E81D6EACF4EF023 /* Pods-Kenyon-Source.debug.xcconfig */;
			buildSettings = {
				ASSETCATALOG_COMPILER_APPICON_NAME = AppIcon;
				CLANG_ENABLE_MODULES = YES;
				CODE_SIGN_ENTITLEMENTS = "KenyonMobile v0.0/KenyonMobile v0.0.entitlements";
				CODE_SIGN_IDENTITY = "iPhone Developer";
				"CODE_SIGN_IDENTITY[sdk=iphoneos*]" = "iPhone Developer";
				COMPRESS_PNG_FILES = YES;
				DEVELOPMENT_TEAM = A35YR6Q36M;
				FRAMEWORK_SEARCH_PATHS = (
					"$(inherited)",
					"$(PROJECT_DIR)",
				);
				INFOPLIST_FILE = "KenyonMobile v0.0/Info.plist";
				LD_RUNPATH_SEARCH_PATHS = "$(inherited) @executable_path/Frameworks";
				"OTHER_LDFLAGS[arch=*]" = "-ObjC";
				PRODUCT_BUNDLE_IDENTIFIER = "com.camfeen.KenyonMobile-v0-0";
				PRODUCT_NAME = "$(TARGET_NAME)";
				PROVISIONING_PROFILE = "";
				SWIFT_OBJC_BRIDGING_HEADER = "KenyonMobile v0.0-Bridging-Header.h";
				SWIFT_OPTIMIZATION_LEVEL = "-Onone";
			};
			name = Debug;
		};
		32EFAE601CF9597800845CEA /* Release */ = {
			isa = XCBuildConfiguration;
			baseConfigurationReference = 1D8EB7605CDD2A48335656F3 /* Pods-Kenyon-Source.release.xcconfig */;
			buildSettings = {
				ASSETCATALOG_COMPILER_APPICON_NAME = AppIcon;
				CLANG_ENABLE_MODULES = YES;
				CODE_SIGN_ENTITLEMENTS = "KenyonMobile v0.0/KenyonMobile v0.0.entitlements";
				CODE_SIGN_IDENTITY = "iPhone Developer";
				"CODE_SIGN_IDENTITY[sdk=iphoneos*]" = "iPhone Developer";
				COMPRESS_PNG_FILES = YES;
				DEVELOPMENT_TEAM = A35YR6Q36M;
				FRAMEWORK_SEARCH_PATHS = (
					"$(inherited)",
					"$(PROJECT_DIR)",
				);
				INFOPLIST_FILE = "KenyonMobile v0.0/Info.plist";
				LD_RUNPATH_SEARCH_PATHS = "$(inherited) @executable_path/Frameworks";
				"OTHER_LDFLAGS[arch=*]" = "-ObjC";
				PRODUCT_BUNDLE_IDENTIFIER = "com.camfeen.KenyonMobile-v0-0";
				PRODUCT_NAME = "$(TARGET_NAME)";
				PROVISIONING_PROFILE = "";
				SWIFT_OBJC_BRIDGING_HEADER = "KenyonMobile v0.0-Bridging-Header.h";
			};
			name = Release;
		};
		32EFAE621CF9597800845CEA /* Debug */ = {
			isa = XCBuildConfiguration;
			baseConfigurationReference = 432D1179310344F65FEBDC26 /* Pods-Kenyon-SourceTests.debug.xcconfig */;
			buildSettings = {
				BUNDLE_LOADER = "$(TEST_HOST)";
				INFOPLIST_FILE = "KenyonMobile v0.0Tests/Info.plist";
				LD_RUNPATH_SEARCH_PATHS = "$(inherited) @executable_path/Frameworks @loader_path/Frameworks";
				PRODUCT_BUNDLE_IDENTIFIER = "com.camfeen.KenyonMobile-v0-0Tests";
				PRODUCT_NAME = "$(TARGET_NAME)";
				TEST_HOST = "$(BUILT_PRODUCTS_DIR)/Kenyon-Source.app/Kenyon-Source";
			};
			name = Debug;
		};
		32EFAE631CF9597800845CEA /* Release */ = {
			isa = XCBuildConfiguration;
			baseConfigurationReference = F33EC1EB3268A460735865B1 /* Pods-Kenyon-SourceTests.release.xcconfig */;
			buildSettings = {
				BUNDLE_LOADER = "$(TEST_HOST)";
				INFOPLIST_FILE = "KenyonMobile v0.0Tests/Info.plist";
				LD_RUNPATH_SEARCH_PATHS = "$(inherited) @executable_path/Frameworks @loader_path/Frameworks";
				PRODUCT_BUNDLE_IDENTIFIER = "com.camfeen.KenyonMobile-v0-0Tests";
				PRODUCT_NAME = "$(TARGET_NAME)";
				TEST_HOST = "$(BUILT_PRODUCTS_DIR)/Kenyon-Source.app/Kenyon-Source";
			};
			name = Release;
		};
		32EFAE651CF9597800845CEA /* Debug */ = {
			isa = XCBuildConfiguration;
			baseConfigurationReference = 9B4914F050D26216AB520B25 /* Pods-Kenyon-SourceUITests.debug.xcconfig */;
			buildSettings = {
				INFOPLIST_FILE = "KenyonMobile v0.0UITests/Info.plist";
				LD_RUNPATH_SEARCH_PATHS = "$(inherited) @executable_path/Frameworks @loader_path/Frameworks";
				PRODUCT_BUNDLE_IDENTIFIER = "com.camfeen.KenyonMobile-v0-0UITests";
				PRODUCT_NAME = "$(TARGET_NAME)";
				TEST_TARGET_NAME = "KenyonMobile v0.0";
				USES_XCTRUNNER = YES;
			};
			name = Debug;
		};
		32EFAE661CF9597800845CEA /* Release */ = {
			isa = XCBuildConfiguration;
			baseConfigurationReference = 989E6E714EAB5A52741096FE /* Pods-Kenyon-SourceUITests.release.xcconfig */;
			buildSettings = {
				INFOPLIST_FILE = "KenyonMobile v0.0UITests/Info.plist";
				LD_RUNPATH_SEARCH_PATHS = "$(inherited) @executable_path/Frameworks @loader_path/Frameworks";
				PRODUCT_BUNDLE_IDENTIFIER = "com.camfeen.KenyonMobile-v0-0UITests";
				PRODUCT_NAME = "$(TARGET_NAME)";
				TEST_TARGET_NAME = "KenyonMobile v0.0";
				USES_XCTRUNNER = YES;
			};
			name = Release;
		};
/* End XCBuildConfiguration section */

/* Begin XCConfigurationList section */
		32EFAE2C1CF9597700845CEA /* Build configuration list for PBXProject "Kenyon-Source" */ = {
			isa = XCConfigurationList;
			buildConfigurations = (
				32EFAE5C1CF9597800845CEA /* Debug */,
				32EFAE5D1CF9597800845CEA /* Release */,
			);
			defaultConfigurationIsVisible = 0;
			defaultConfigurationName = Release;
		};
		32EFAE5E1CF9597800845CEA /* Build configuration list for PBXNativeTarget "Kenyon-Source" */ = {
			isa = XCConfigurationList;
			buildConfigurations = (
				32EFAE5F1CF9597800845CEA /* Debug */,
				32EFAE601CF9597800845CEA /* Release */,
			);
			defaultConfigurationIsVisible = 0;
			defaultConfigurationName = Release;
		};
		32EFAE611CF9597800845CEA /* Build configuration list for PBXNativeTarget "Kenyon-SourceTests" */ = {
			isa = XCConfigurationList;
			buildConfigurations = (
				32EFAE621CF9597800845CEA /* Debug */,
				32EFAE631CF9597800845CEA /* Release */,
			);
			defaultConfigurationIsVisible = 0;
			defaultConfigurationName = Release;
		};
		32EFAE641CF9597800845CEA /* Build configuration list for PBXNativeTarget "Kenyon-SourceUITests" */ = {
			isa = XCConfigurationList;
			buildConfigurations = (
				32EFAE651CF9597800845CEA /* Debug */,
				32EFAE661CF9597800845CEA /* Release */,
			);
			defaultConfigurationIsVisible = 0;
			defaultConfigurationName = Release;
		};
/* End XCConfigurationList section */
	};
	rootObject = 32EFAE291CF9597700845CEA /* Project object */;
}
